{
  "version": 4,
  "terraform_version": "1.14.7",
  "serial": 123,
  "lineage": "971da2bc-f803-5f24-22b1-7aabc20f70d7",
  "outputs": {
    "agent_engine_resource_names": {
      "value": {
        "prod": "3379440247434641408",
        "staging": "8966155585187741696"
      },
      "type": [
        "object",
        {
          "prod": "string",
          "staging": "string"
        }
      ]
    },
    "app_service_account_emails": {
      "value": {
        "prod": "labsignal-app@vital-cedar-456905-q9.iam.gserviceaccount.com",
        "staging": "labsignal-app@vital-cedar-456905-q9.iam.gserviceaccount.com"
      },
      "type": [
        "object",
        {
          "prod": "string",
          "staging": "string"
        }
      ]
    },
    "cicd_runner_service_account_email": {
      "value": "labsignal-cb@vital-cedar-456905-q9.iam.gserviceaccount.com",
      "type": "string"
    },
    "logs_bucket_names": {
      "value": {
        "vital-cedar-456905-q9": "vital-cedar-456905-q9-labsignal-logs"
      },
      "type": [
        "object",
        {
          "vital-cedar-456905-q9": "string"
        }
      ]
    },
    "telemetry_bigquery_connection_id": {
      "value": {
        "prod": "labsignal-genai-telemetry",
        "staging": "labsignal-genai-telemetry"
      },
      "type": [
        "object",
        {
          "prod": "string",
          "staging": "string"
        }
      ]
    },
    "telemetry_dataset_id": {
      "value": {
        "prod": "labsignal_telemetry",
        "staging": "labsignal_telemetry"
      },
      "type": [
        "object",
        {
          "prod": "string",
          "staging": "string"
        }
      ]
    }
  },
  "resources": [
    {
      "mode": "data",
      "type": "github_repository",
      "name": "existing_repo",
      "provider": "provider[\"registry.terraform.io/integrations/github\"]",
      "instances": [
        {
          "index_key": 0,
          "schema_version": 0,
          "attributes": {
            "allow_auto_merge": false,
            "allow_merge_commit": false,
            "allow_rebase_merge": false,
            "allow_squash_merge": false,
            "allow_update_branch": false,
            "archived": false,
            "default_branch": "master",
            "delete_branch_on_merge": false,
            "description": "gemini agent project",
            "fork": false,
            "full_name": "ClustermyComputer/labsignal",
            "git_clone_url": "git://github.com/ClustermyComputer/labsignal.git",
            "has_discussions": false,
            "has_downloads": true,
            "has_issues": true,
            "has_projects": true,
            "has_wiki": true,
            "homepage_url": "",
            "html_url": "https://github.com/ClustermyComputer/labsignal",
            "http_clone_url": "https://github.com/ClustermyComputer/labsignal.git",
            "id": "labsignal",
            "is_template": false,
            "merge_commit_message": "",
            "merge_commit_title": "",
            "name": "labsignal",
            "node_id": "R_kgDORlwbWg",
            "pages": [],
            "primary_language": "Jupyter Notebook",
            "private": false,
            "repo_id": 1180441434,
            "repository_license": [],
            "squash_merge_commit_message": "",
            "squash_merge_commit_title": "",
            "ssh_clone_url": "git@github.com:ClustermyComputer/labsignal.git",
            "svn_url": "https://github.com/ClustermyComputer/labsignal",
            "template": [],
            "topics": [],
            "visibility": "public"
          },
          "sensitive_attributes": [],
          "identity_schema_version": 0
        }
      ]
    },
    {
      "mode": "data",
      "type": "google_project",
      "name": "cicd_project",
      "provider": "provider[\"registry.terraform.io/hashicorp/google\"]",
      "instances": [
        {
          "schema_version": 0,
          "attributes": {
            "auto_create_network": null,
            "billing_account": "010D17-74FBFD-A7F71A",
            "deletion_policy": "PREVENT",
            "effective_labels": {},
            "folder_id": "229919506270",
            "id": "projects/vital-cedar-456905-q9",
            "labels": {},
            "name": "test",
            "number": "378750853415",
            "org_id": "",
            "project_id": "vital-cedar-456905-q9",
            "tags": null,
            "terraform_labels": {}
          },
          "sensitive_attributes": [],
          "identity_schema_version": 0
        }
      ]
    },
    {
      "mode": "data",
      "type": "google_project",
      "name": "projects",
      "provider": "provider[\"registry.terraform.io/hashicorp/google\"]",
      "instances": [
        {
          "index_key": "prod",
          "schema_version": 0,
          "attributes": {
            "auto_create_network": null,
            "billing_account": "010D17-74FBFD-A7F71A",
            "deletion_policy": "PREVENT",
            "effective_labels": {},
            "folder_id": "229919506270",
            "id": "projects/vital-cedar-456905-q9",
            "labels": {},
            "name": "test",
            "number": "378750853415",
            "org_id": "",
            "project_id": "vital-cedar-456905-q9",
            "tags": null,
            "terraform_labels": {}
          },
          "sensitive_attributes": [],
          "identity_schema_version": 0
        },
        {
          "index_key": "staging",
          "schema_version": 0,
          "attributes": {
            "auto_create_network": null,
            "billing_account": "010D17-74FBFD-A7F71A",
            "deletion_policy": "PREVENT",
            "effective_labels": {},
            "folder_id": "229919506270",
            "id": "projects/vital-cedar-456905-q9",
            "labels": {},
            "name": "test",
            "number": "378750853415",
            "org_id": "",
            "project_id": "vital-cedar-456905-q9",
            "tags": null,
            "terraform_labels": {}
          },
          "sensitive_attributes": [],
          "identity_schema_version": 0
        }
      ]
    },
    {
      "mode": "data",
      "type": "google_secret_manager_secret",
      "name": "github_pat",
      "provider": "provider[\"registry.terraform.io/hashicorp/google\"]",
      "instances": [
        {
          "schema_version": 0,
          "attributes": {
            "annotations": {},
            "create_time": "2026-03-13T06:05:21.881903Z",
            "deletion_protection": false,
            "effective_annotations": {},
            "effective_labels": {},
            "expire_time": "",
            "id": "projects/vital-cedar-456905-q9/secrets/github-pat-labsignal",
            "labels": {},
            "name": "projects/378750853415/secrets/github-pat-labsignal",
            "project": "vital-cedar-456905-q9",
            "replication": [
              {
                "auto": [],
                "user_managed": [
                  {
                    "replicas": [
                      {
                        "customer_managed_encryption": [],
                        "location": "us-central1"
                      }
                    ]
                  }
                ]
              }
            ],
            "rotation": [],
            "secret_id": "github-pat-labsignal",
            "tags": null,
            "terraform_labels": {},
            "topics": [],
            "ttl": null,
            "version_aliases": {},
            "version_destroy_ttl": ""
          },
          "sensitive_attributes": [],
          "identity_schema_version": 0
        }
      ]
    },
    {
      "mode": "data",
      "type": "google_storage_bucket_object_content",
      "name": "dummy_source_b64",
      "provider": "provider[\"registry.terraform.io/hashicorp/google\"]",
      "instances": [
        {
          "schema_version": 0,
          "attributes": {
            "bucket": "agent-starter-pack",
            "cache_control": null,
            "content": "H4sIACycsWkAA+1ZXW7bOBB2+6hDFIRf2gI1Q1KiGBdwATctkAB9yHaDAkW7MLgSYxPVXykqdW6xN9hj7XV2JDt147iNvbC0gMMPhm1JpDgazfcNhzyX81MlY2WOosoYldlYm96eQQgRnKOeaIDqY8DNLyGMCUQ55YFPOYf/hIYBC3tovm9DNqEqrTRgikq0LFUUzfTmdt9mSiW/uM/th0JtmNoGKEeVjkeUkiEXoecTlFqdqhEVwmeB8OkQk6EIWXgsfI8L9O7s9fj9yenZh7d4Lq01OMpTLIsiUbgw+ZXKZBap0fi3s3HGX0cfTqeKsqkXDNHv0Ondx191evS49/dfny/mT/6Zef+3Wx4M8FH7Y9zwP6ChgEC7w//64Db/IfKCHuLtm/bg+Y+Pzr9nAGBkK2PspP9+AO+f05A4/e8C9+k/CzANj1nIaDB0+n94wDXrW84BO+l/w3+fceb0vwss3v8qB0wmOtN2MsHF9d7GAH+EQbDL/F/4AXf63wW2mP9TeHuM0GPq9P/wsOB/G6xf4Yb/28//uc/9HiIt2HIHD5z/6/ovpyqzE5VNdaYmcGkfEbGT/tf5n4HkCKf/XWC7+T8U5EwETv8PDwv+t8H6Fe7Tf8HDtfk/NBNO/7tAv99/U6XpNRrXIYDeNiGAIATQZW5QPSvQMkEXyhgJJ1IUqyLJr1Noiz3vYqZLVCQyUrM8geyB4NCo5kSM/rxGJ2dHJ29QoQtwbqZKJC+tWt00MkpanWfYAyM879LkKZrm+RRUQcZfcBOTJdJpkRu7MG/R5koZq+ZS4x+jtsRWpTCyhX/Q+3u3+Mu4KDyvaYpGi9s88xAgzWOVjPpTlYJBA4b54DKR5az/ormaSRDBfly7ZtJ0Xp7XWWlNFdV2j/of8wpJA+665YSmOUbvVVnkWYy+aTt7iZ42voLPhrZLp4LPrrRc+Rqj80RBTC4vIztT4F1w3KJT3bZxMH4Ktj1fPuPSHfWjNo/+rDk7ar6fb5DVO/m/KCaV1Um5xxi7f/3vLv+5y/+dYC3/s+GG/C8I9xkRLv0fIJb5/4b1rawE7r7+x936X0dYf/+rTICN+lppo+pcD9l1bv/zGLvXf4zX+39O/9vHNvWfIAERAXH7/weIdf7vj/Ur3Lv+FwZr/CchDVz91wUWBdcgSvIqHkhdV1B17fGpKRgGy9rqBVRUf7waUUx9gokj5wHh5/l/f3sCO+X/ev2fUbf/1xG22/8DVR76zOX/w8M6/9vc/99+/0+4/T8HBweHlvEvHKww/QAyAAA=\n",
            "content_base64": "SDRzSUFDeWNzV2tBQSsxWlhXN2JPQkIyKzZoREZJUmYyZ0kxUTFLaUdCZHdBVGN0a0FCOXlIYURBa1c3TUxnU1l4UFZYeWtxZFc2eE45aGo3WFYySkR0MTQ3aU52YkMwZ01NUGhtMUpwRGdhemZjTmh6eVg4MU1sWTJXT29zb1lsZGxZbTk2ZVFRZ1JuS09lYUlEcVk4RE5MeUdNQ1VRNTVZRlBPWWYvaElZQkMzdG92bTlETnFFcXJUUmdpa3EwTEZVVXpmVG1kdDltU2lXL3VNL3RoMEp0bU5vR0tFZVZqa2VVa2lFWG9lY1RsRnFkcWhFVndtZUI4T2tRazZFSVdYZ3NmSThMOU83czlmajl5ZW5aaDdkNExxMDFPTXBUTElzaVViZ3crWlhLWkJhcDBmaTNzM0hHWDBjZlRxZUtzcWtYRE5IdjBPbmR4MTkxZXZTNDkvZGZueS9tVC82WmVmKzNXeDRNOEZIN1k5endQNkNoZ0VDN3cvLzY0RGIvSWZLQ0h1THRtL2JnK1krUHpyOW5BR0JrSzJQc3BQOStBTytmMDVBNC9lOEM5K2svQ3pBTmoxbklhREIwK245NHdEWHJXODRCTytsL3czK2ZjZWIwdndzczN2OHFCMHdtT3ROMk1zSEY5ZDdHQUgrRVFiREwvRi80QVhmNjN3VzJtUDlUZUh1TTBHUHE5UC93c09CL0c2eGY0WWIvMjgvL3VjLzlIaUl0MkhJSEQ1ei82L292cHlxekU1Vk5kYVltY0drZkViR1QvdGY1bjRIa0NLZi9YV0M3K1Q4VTVFd0VUdjhQRHd2K3Q4SDZGZTdUZjhIRHRmay9OQk5PLzd0QXY5OS9VNlhwTlJyWElZRGVOaUdBSUFUUVpXNVFQU3ZRTWtFWHloZ0pKMUlVcXlMSnIxTm9pejN2WXFaTFZDUXlVck04Z2V5QjROQ281a1NNL3J4R0oyZEhKMjlRb1F0d2JxWktKQyt0V3QwME1rcGFuV2ZZQXlNODc5TGtLWnJtK1JSVVFjWmZjQk9USmRKcGtSdTdNRy9SNWtvWnErWlM0eCtqdHNSV3BUQ3loWC9RKzN1MytNdTRLRHl2YVlwR2k5czg4eEFneldPVmpQcFRsWUpCQTRiNTRES1I1YXovb3JtYVNSREJmbHk3WnRKMFhwN1hXV2xORmRWMmovb2Y4d3BKQSs2NjVZU21PVWJ2VlZua1dZeSthVHQ3aVo0MnZvTFBoclpMcDRMUHJyUmMrUnFqODBSQlRDNHZJenRUNEYxdzNLSlQzYlp4TUg0S3RqMWZQdVBTSGZXak5vLytyRGs3YXI2ZmI1RFZPL20vS0NhVjFVbTV4eGk3Zi8zdkx2KzV5LytkWUMzL3MrR0cvQzhJOXhrUkx2MGZJSmI1LzRiMXJhd0U3cjcreDkzNlgwZFlmLytyVElDTitscHBvK3BjRDlsMWJ2L3pHTHZYZjR6WCszOU8vOXZITnZXZklBRVJBWEg3L3dlSWRmN3ZqL1VyM0x2K0Z3WnIvQ2NoRFZ6OTF3VVdCZGNnU3ZJcUhraGRWMUIxN2ZHcEtSZ0d5OXJxQlZSVWY3d2FVVXg5Z29rajV3SGg1L2wvZjNzQ08rWC9ldjJmVWJmLzF4RzIyLzhEVlI3NnpPWC93OE02Lzl2Yy85OSsvMCs0L1Q4SEJ3ZUhsdkV2SEt3dy9RQXlBQUE9Cg==",
            "content_base64sha512": "eTktZNd+10+JR0H7G6acG8cO46GF6NFq97ONcb49heBQnQeVBKaNZX7ZQXDb1ejwIMJziDVqI1oWr1FxX/OY3g==",
            "content_disposition": null,
            "content_encoding": null,
            "content_hexsha512": "79392d64d77ed74f894741fb1ba69c1bc70ee3a185e8d16af7b38d71be3d85e0509d079504a68d657ed94170dbd5e8f020c27388356a235a16af51715ff398de",
            "content_language": null,
            "content_type": null,
            "contexts": null,
            "crc32c": null,
            "customer_encryption": null,
            "deletion_policy": null,
            "detect_md5hash": null,
            "event_based_hold": null,
            "force_empty_content_type": null,
            "generation": null,
            "id": "agent-starter-pack-dummy/source-b64.txt",
            "kms_key_name": null,
            "md5hash": null,
            "md5hexhash": null,
            "media_link": null,
            "metadata": null,
            "name": "dummy/source-b64.txt",
            "output_name": null,
            "retention": null,
            "self_link": null,
            "source": null,
            "source_md5hash": null,
            "storage_class": null,
            "temporary_hold": null
          },
          "sensitive_attributes": [],
          "identity_schema_version": 0
        }
      ]
    },
    {
      "mode": "managed",
      "type": "google_bigquery_connection",
      "name": "genai_telemetry_connection",
      "provider": "provider[\"registry.terraform.io/hashicorp/google\"]",
      "instances": [
        {
          "index_key": "prod",
          "schema_version": 0,
          "attributes": {
            "aws": [],
            "azure": [],
            "cloud_resource": [
              {
                "service_account_id": "bqcx-378750853415-q369@gcp-sa-bigquery-condel.iam.gserviceaccount.com"
              }
            ],
            "cloud_spanner": [],
            "cloud_sql": [],
            "connection_id": "labsignal-genai-telemetry",
            "description": "",
            "friendly_name": "labsignal GenAI Telemetry Connection",
            "has_credential": false,
            "id": "projects/vital-cedar-456905-q9/locations/us-central1/connections/labsignal-genai-telemetry",
            "kms_key_name": "",
            "location": "us-central1",
            "name": "projects/378750853415/locations/us-central1/connections/labsignal-genai-telemetry",
            "project": "vital-cedar-456905-q9",
            "spark": [],
            "timeouts": null
          },
          "sensitive_attributes": [],
          "identity_schema_version": 0,
          "private": "eyJlMmJmYjczMC1lY2FhLTExZTYtOGY4OC0zNDM2M2JjN2M0YzAiOnsiY3JlYXRlIjoxMjAwMDAwMDAwMDAwLCJkZWxldGUiOjEyMDAwMDAwMDAwMDAsInVwZGF0ZSI6MTIwMDAwMDAwMDAwMH19",
          "dependencies": [
            "google_project_service.cicd_services",
            "google_project_service.deploy_project_services"
          ]
        },
        {
          "index_key": "staging",
          "schema_version": 0,
          "attributes": {
            "aws": [],
            "azure": [],
            "cloud_resource": [
              {
                "service_account_id": "bqcx-378750853415-q369@gcp-sa-bigquery-condel.iam.gserviceaccount.com"
              }
            ],
            "cloud_spanner": [],
            "cloud_sql": [],
            "connection_id": "labsignal-genai-telemetry",
            "description": "",
            "friendly_name": "labsignal GenAI Telemetry Connection",
            "has_credential": false,
            "id": "projects/vital-cedar-456905-q9/locations/us-central1/connections/labsignal-genai-telemetry",
            "kms_key_name": "",
            "location": "us-central1",
            "name": "projects/378750853415/locations/us-central1/connections/labsignal-genai-telemetry",
            "project": "vital-cedar-456905-q9",
            "spark": [],
            "timeouts": null
          },
          "sensitive_attributes": [],
          "identity_schema_version": 0,
          "private": "eyJlMmJmYjczMC1lY2FhLTExZTYtOGY4OC0zNDM2M2JjN2M0YzAiOnsiY3JlYXRlIjoxMjAwMDAwMDAwMDAwLCJkZWxldGUiOjEyMDAwMDAwMDAwMDAsInVwZGF0ZSI6MTIwMDAwMDAwMDAwMH19",
          "dependencies": [
            "google_project_service.cicd_services",
            "google_project_service.deploy_project_services"
          ]
        }
      ]
    },
    {
      "mode": "managed",
      "type": "google_bigquery_dataset",
      "name": "telemetry_dataset",
      "provider": "provider[\"registry.terraform.io/hashicorp/google\"]",
      "instances": [
        {
          "index_key": "prod",
          "schema_version": 0,
          "attributes": {
            "access": [
              {
                "condition": [],
                "dataset": [],
                "domain": "",
                "group_by_email": "",
                "iam_member": "",
                "role": "OWNER",
                "routine": [],
                "special_group": "",
                "user_by_email": "sarmet@asu.edu",
                "view": []
              },
              {
                "condition": [],
                "dataset": [],
                "domain": "",
                "group_by_email": "",
                "iam_member": "",
                "role": "OWNER",
                "routine": [],
                "special_group": "projectOwners",
                "user_by_email": "",
                "view": []
              },
              {
                "condition": [],
                "dataset": [],
                "domain": "",
                "group_by_email": "",
                "iam_member": "",
                "role": "READER",
                "routine": [],
                "special_group": "projectReaders",
                "user_by_email": "",
                "view": []
              },
              {
                "condition": [],
                "dataset": [],
                "domain": "",
                "group_by_email": "",
                "iam_member": "",
                "role": "WRITER",
                "routine": [],
                "special_group": "projectWriters",
                "user_by_email": "",
                "view": []
              }
            ],
            "creation_time": 1773382087644,
            "dataset_id": "labsignal_telemetry",
            "default_collation": "",
            "default_encryption_configuration": [],
            "default_partition_expiration_ms": 0,
            "default_table_expiration_ms": 0,
            "delete_contents_on_destroy": false,
            "description": "Dataset for GenAI telemetry data stored in GCS",
            "effective_labels": {
              "goog-terraform-provisioned": "true"
            },
            "etag": "DTHFhMffVoIEc+S5Y82xOA==",
            "external_catalog_dataset_options": [],
            "external_dataset_reference": [],
            "friendly_name": "labsignal Telemetry",
            "id": "projects/vital-cedar-456905-q9/datasets/labsignal_telemetry",
            "is_case_insensitive": false,
            "labels": {},
            "last_modified_time": 1773383303720,
            "location": "us-central1",
            "max_time_travel_hours": "168",
            "project": "vital-cedar-456905-q9",
            "resource_tags": {},
            "self_link": "https://bigquery.googleapis.com/bigquery/v2/projects/vital-cedar-456905-q9/datasets/labsignal_telemetry",
            "storage_billing_model": "",
            "terraform_labels": {
              "goog-terraform-provisioned": "true"
            },
            "timeouts": null
          },
          "sensitive_attributes": [],
          "identity_schema_version": 0,
          "private": "eyJlMmJmYjczMC1lY2FhLTExZTYtOGY4OC0zNDM2M2JjN2M0YzAiOnsiY3JlYXRlIjoxMjAwMDAwMDAwMDAwLCJkZWxldGUiOjEyMDAwMDAwMDAwMDAsInVwZGF0ZSI6MTIwMDAwMDAwMDAwMH19",
          "dependencies": [
            "google_project_service.cicd_services",
            "google_project_service.deploy_project_services"
          ]
        },
        {
          "index_key": "staging",
          "schema_version": 0,
          "attributes": {
            "access": [
              {
                "condition": [],
                "dataset": [],
                "domain": "",
                "group_by_email": "",
                "iam_member": "",
                "role": "OWNER",
                "routine": [],
                "special_group": "",
                "user_by_email": "sarmet@asu.edu",
                "view": []
              },
              {
                "condition": [],
                "dataset": [],
                "domain": "",
                "group_by_email": "",
                "iam_member": "",
                "role": "OWNER",
                "routine": [],
                "special_group": "projectOwners",
                "user_by_email": "",
                "view": []
              },
              {
                "condition": [],
                "dataset": [],
                "domain": "",
                "group_by_email": "",
                "iam_member": "",
                "role": "READER",
                "routine": [],
                "special_group": "projectReaders",
                "user_by_email": "",
                "view": []
              },
              {
                "condition": [],
                "dataset": [],
                "domain": "",
                "group_by_email": "",
                "iam_member": "",
                "role": "WRITER",
                "routine": [],
                "special_group": "projectWriters",
                "user_by_email": "",
                "view": []
              }
            ],
            "creation_time": 1773382087644,
            "dataset_id": "labsignal_telemetry",
            "default_collation": "",
            "default_encryption_configuration": [],
            "default_partition_expiration_ms": 0,
            "default_table_expiration_ms": 0,
            "delete_contents_on_destroy": false,
            "description": "Dataset for GenAI telemetry data stored in GCS",
            "effective_labels": {
              "goog-terraform-provisioned": "true"
            },
            "etag": "DTHFhMffVoIEc+S5Y82xOA==",
            "external_catalog_dataset_options": [],
            "external_dataset_reference": [],
            "friendly_name": "labsignal Telemetry",
            "id": "projects/vital-cedar-456905-q9/datasets/labsignal_telemetry",
            "is_case_insensitive": false,
            "labels": {},
            "last_modified_time": 1773383303720,
            "location": "us-central1",
            "max_time_travel_hours": "168",
            "project": "vital-cedar-456905-q9",
            "resource_tags": {},
            "self_link": "https://bigquery.googleapis.com/bigquery/v2/projects/vital-cedar-456905-q9/datasets/labsignal_telemetry",
            "storage_billing_model": "",
            "terraform_labels": {
              "goog-terraform-provisioned": "true"
            },
            "timeouts": null
          },
          "sensitive_attributes": [],
          "identity_schema_version": 0,
          "private": "eyJlMmJmYjczMC1lY2FhLTExZTYtOGY4OC0zNDM2M2JjN2M0YzAiOnsiY3JlYXRlIjoxMjAwMDAwMDAwMDAwLCJkZWxldGUiOjEyMDAwMDAwMDAwMDAsInVwZGF0ZSI6MTIwMDAwMDAwMDAwMH19",
          "dependencies": [
            "google_project_service.cicd_services",
            "google_project_service.deploy_project_services"
          ]
        }
      ]
    },
    {
      "mode": "managed",
      "type": "google_bigquery_table",
      "name": "completions_external_table",
      "provider": "provider[\"registry.terraform.io/hashicorp/google\"]",
      "instances": [
        {
          "index_key": "prod",
          "schema_version": 0,
          "attributes": {
            "biglake_configuration": [],
            "clustering": null,
            "creation_time": 1773383874602,
            "dataset_id": "labsignal_telemetry",
            "deletion_protection": false,
            "description": "",
            "effective_labels": {
              "goog-terraform-provisioned": "true"
            },
            "encryption_configuration": [],
            "etag": "xbENl78/XC5cGNXwZQyRNw==",
            "expiration_time": 0,
            "external_catalog_table_options": [],
            "external_data_configuration": [
              {
                "autodetect": false,
                "avro_options": [],
                "bigtable_options": [],
                "compression": "NONE",
                "connection_id": "378750853415.us-central1.labsignal-genai-telemetry",
                "csv_options": [],
                "decimal_target_types": [],
                "file_set_spec_type": "",
                "google_sheets_options": [],
                "hive_partitioning_options": [],
                "ignore_unknown_values": true,
                "json_extension": "",
                "json_options": [],
                "max_bad_records": 1000,
                "metadata_cache_mode": "",
                "object_metadata": "",
                "parquet_options": [],
                "reference_file_schema_uri": "",
                "schema": "",
                "source_format": "NEWLINE_DELIMITED_JSON",
                "source_uris": [
                  "gs://vital-cedar-456905-q9-labsignal-logs/completions/*"
                ]
              }
            ],
            "friendly_name": "",
            "generated_schema_columns": "",
            "id": "projects/vital-cedar-456905-q9/datasets/labsignal_telemetry/tables/completions",
            "ignore_auto_generated_schema": false,
            "ignore_schema_changes": null,
            "labels": {},
            "last_modified_time": 1773384948081,
            "location": "us-central1",
            "materialized_view": [],
            "max_staleness": "",
            "num_bytes": 0,
            "num_long_term_bytes": 0,
            "num_rows": 0,
            "project": "vital-cedar-456905-q9",
            "range_partitioning": [],
            "require_partition_filter": false,
            "resource_tags": {},
            "schema": "[{\"fields\":[{\"mode\":\"NULLABLE\",\"name\":\"type\",\"type\":\"STRING\"},{\"mode\":\"NULLABLE\",\"name\":\"content\",\"type\":\"STRING\"},{\"mode\":\"NULLABLE\",\"name\":\"mime_type\",\"type\":\"STRING\"},{\"mode\":\"NULLABLE\",\"name\":\"uri\",\"type\":\"STRING\"},{\"mode\":\"NULLABLE\",\"name\":\"data\",\"type\":\"BYTES\"},{\"mode\":\"NULLABLE\",\"name\":\"id\",\"type\":\"STRING\"},{\"mode\":\"NULLABLE\",\"name\":\"name\",\"type\":\"STRING\"},{\"mode\":\"NULLABLE\",\"name\":\"arguments\",\"type\":\"JSON\"},{\"mode\":\"NULLABLE\",\"name\":\"response\",\"type\":\"JSON\"}],\"mode\":\"REPEATED\",\"name\":\"parts\",\"type\":\"RECORD\"},{\"mode\":\"NULLABLE\",\"name\":\"role\",\"type\":\"STRING\"},{\"mode\":\"NULLABLE\",\"name\":\"index\",\"type\":\"INTEGER\"}]",
            "schema_foreign_type_info": [],
            "self_link": "https://bigquery.googleapis.com/bigquery/v2/projects/vital-cedar-456905-q9/datasets/labsignal_telemetry/tables/completions",
            "table_constraints": [],
            "table_id": "completions",
            "table_metadata_view": null,
            "table_replication_info": [],
            "terraform_labels": {
              "goog-terraform-provisioned": "true"
            },
            "time_partitioning": [],
            "type": "EXTERNAL",
            "view": []
          },
          "sensitive_attributes": [],
          "identity_schema_version": 0,
          "private": "bnVsbA==",
          "dependencies": [
            "google_bigquery_connection.genai_telemetry_connection",
            "google_bigquery_dataset.telemetry_dataset",
            "google_project_service.cicd_services",
            "google_project_service.deploy_project_services",
            "google_storage_bucket.logs_data_bucket",
            "google_storage_bucket_iam_member.telemetry_connection_access",
            "time_sleep.wait_for_bq_connection_sa"
          ]
        },
        {
          "index_key": "staging",
          "schema_version": 0,
          "attributes": {
            "biglake_configuration": [],
            "clustering": null,
            "creation_time": 1773383874602,
            "dataset_id": "labsignal_telemetry",
            "deletion_protection": false,
            "description": "",
            "effective_labels": {
              "goog-terraform-provisioned": "true"
            },
            "encryption_configuration": [],
            "etag": "xbENl78/XC5cGNXwZQyRNw==",
            "expiration_time": 0,
            "external_catalog_table_options": [],
            "external_data_configuration": [
              {
                "autodetect": false,
                "avro_options": [],
                "bigtable_options": [],
                "compression": "NONE",
                "connection_id": "378750853415.us-central1.labsignal-genai-telemetry",
                "csv_options": [],
                "decimal_target_types": [],
                "file_set_spec_type": "",
                "google_sheets_options": [],
                "hive_partitioning_options": [],
                "ignore_unknown_values": true,
                "json_extension": "",
                "json_options": [],
                "max_bad_records": 1000,
                "metadata_cache_mode": "",
                "object_metadata": "",
                "parquet_options": [],
                "reference_file_schema_uri": "",
                "schema": "",
                "source_format": "NEWLINE_DELIMITED_JSON",
                "source_uris": [
                  "gs://vital-cedar-456905-q9-labsignal-logs/completions/*"
                ]
              }
            ],
            "friendly_name": "",
            "generated_schema_columns": "",
            "id": "projects/vital-cedar-456905-q9/datasets/labsignal_telemetry/tables/completions",
            "ignore_auto_generated_schema": false,
            "ignore_schema_changes": null,
            "labels": {},
            "last_modified_time": 1773384948081,
            "location": "us-central1",
            "materialized_view": [],
            "max_staleness": "",
            "num_bytes": 0,
            "num_long_term_bytes": 0,
            "num_rows": 0,
            "project": "vital-cedar-456905-q9",
            "range_partitioning": [],
            "require_partition_filter": false,
            "resource_tags": {},
            "schema": "[{\"fields\":[{\"mode\":\"NULLABLE\",\"name\":\"type\",\"type\":\"STRING\"},{\"mode\":\"NULLABLE\",\"name\":\"content\",\"type\":\"STRING\"},{\"mode\":\"NULLABLE\",\"name\":\"mime_type\",\"type\":\"STRING\"},{\"mode\":\"NULLABLE\",\"name\":\"uri\",\"type\":\"STRING\"},{\"mode\":\"NULLABLE\",\"name\":\"data\",\"type\":\"BYTES\"},{\"mode\":\"NULLABLE\",\"name\":\"id\",\"type\":\"STRING\"},{\"mode\":\"NULLABLE\",\"name\":\"name\",\"type\":\"STRING\"},{\"mode\":\"NULLABLE\",\"name\":\"arguments\",\"type\":\"JSON\"},{\"mode\":\"NULLABLE\",\"name\":\"response\",\"type\":\"JSON\"}],\"mode\":\"REPEATED\",\"name\":\"parts\",\"type\":\"RECORD\"},{\"mode\":\"NULLABLE\",\"name\":\"role\",\"type\":\"STRING\"},{\"mode\":\"NULLABLE\",\"name\":\"index\",\"type\":\"INTEGER\"}]",
            "schema_foreign_type_info": [],
            "self_link": "https://bigquery.googleapis.com/bigquery/v2/projects/vital-cedar-456905-q9/datasets/labsignal_telemetry/tables/completions",
            "table_constraints": [],
            "table_id": "completions",
            "table_metadata_view": null,
            "table_replication_info": [],
            "terraform_labels": {
              "goog-terraform-provisioned": "true"
            },
            "time_partitioning": [],
            "type": "EXTERNAL",
            "view": []
          },
          "sensitive_attributes": [],
          "identity_schema_version": 0,
          "private": "bnVsbA==",
          "dependencies": [
            "google_bigquery_connection.genai_telemetry_connection",
            "google_bigquery_dataset.telemetry_dataset",
            "google_project_service.cicd_services",
            "google_project_service.deploy_project_services",
            "google_storage_bucket.logs_data_bucket",
            "google_storage_bucket_iam_member.telemetry_connection_access",
            "time_sleep.wait_for_bq_connection_sa"
          ]
        }
      ]
    },
    {
      "mode": "managed",
      "type": "google_bigquery_table",
      "name": "completions_view",
      "provider": "provider[\"registry.terraform.io/hashicorp/google\"]",
      "instances": [
        {
          "index_key": "prod",
          "schema_version": 0,
          "attributes": {
            "biglake_configuration": [],
            "clustering": null,
            "creation_time": 1773384948779,
            "dataset_id": "labsignal_telemetry",
            "deletion_protection": false,
            "description": "View of GenAI completion logs joined with the GCS prompt/response external table",
            "effective_labels": {
              "goog-terraform-provisioned": "true"
            },
            "encryption_configuration": [],
            "etag": "oIcc8LeGgMAg6elqscNbGQ==",
            "expiration_time": 0,
            "external_catalog_table_options": [],
            "external_data_configuration": [],
            "friendly_name": "",
            "generated_schema_columns": "",
            "id": "projects/vital-cedar-456905-q9/datasets/labsignal_telemetry/tables/completions_view",
            "ignore_auto_generated_schema": false,
            "ignore_schema_changes": null,
            "labels": {},
            "last_modified_time": 1773385044774,
            "location": "us-central1",
            "materialized_view": [],
            "max_staleness": "",
            "num_bytes": 0,
            "num_long_term_bytes": 0,
            "num_rows": 0,
            "project": "vital-cedar-456905-q9",
            "range_partitioning": [],
            "require_partition_filter": false,
            "resource_tags": {},
            "schema": "[{\"mode\":\"NULLABLE\",\"name\":\"timestamp\",\"type\":\"TIMESTAMP\"},{\"mode\":\"NULLABLE\",\"name\":\"insert_id\",\"type\":\"STRING\"},{\"mode\":\"NULLABLE\",\"name\":\"trace\",\"type\":\"STRING\"},{\"mode\":\"NULLABLE\",\"name\":\"span_id\",\"type\":\"STRING\"},{\"mode\":\"NULLABLE\",\"name\":\"api_call_id\",\"type\":\"STRING\"},{\"mode\":\"NULLABLE\",\"name\":\"message_type\",\"type\":\"STRING\"},{\"mode\":\"NULLABLE\",\"name\":\"role\",\"type\":\"STRING\"},{\"mode\":\"NULLABLE\",\"name\":\"message_idx\",\"type\":\"INTEGER\"},{\"mode\":\"NULLABLE\",\"name\":\"part_idx\",\"type\":\"INTEGER\"},{\"mode\":\"NULLABLE\",\"name\":\"content\",\"type\":\"STRING\"},{\"mode\":\"NULLABLE\",\"name\":\"part_type\",\"type\":\"STRING\"},{\"mode\":\"NULLABLE\",\"name\":\"tool_name\",\"type\":\"STRING\"},{\"mode\":\"NULLABLE\",\"name\":\"tool_args\",\"type\":\"JSON\"},{\"mode\":\"NULLABLE\",\"name\":\"tool_response\",\"type\":\"JSON\"},{\"mode\":\"NULLABLE\",\"name\":\"uri\",\"type\":\"STRING\"},{\"mode\":\"NULLABLE\",\"name\":\"mime_type\",\"type\":\"STRING\"},{\"mode\":\"NULLABLE\",\"name\":\"data_md5_hex\",\"type\":\"STRING\"},{\"mode\":\"NULLABLE\",\"name\":\"labels\",\"type\":\"JSON\"},{\"mode\":\"NULLABLE\",\"name\":\"messages_ref_uri\",\"type\":\"STRING\"}]",
            "schema_foreign_type_info": [],
            "self_link": "https://bigquery.googleapis.com/bigquery/v2/projects/vital-cedar-456905-q9/datasets/labsignal_telemetry/tables/completions_view",
            "table_constraints": [],
            "table_id": "completions_view",
            "table_metadata_view": null,
            "table_replication_info": [],
            "terraform_labels": {
              "goog-terraform-provisioned": "true"
            },
            "time_partitioning": [],
            "type": "VIEW",
            "view": [
              {
                "query": "-- Optimized join of Cloud Logging data with GCS-stored prompt/response data.\n-- This query extracts both input and output messages referenced in logs.\n-- Note: Input files contain full conversation history, so messages may appear multiple times.\n\n-- Extract message references from Cloud Logging (scan once, extract both input/output)\nWITH log_refs AS (\n  SELECT\n    insert_id,\n    timestamp,\n    labels,\n    trace,\n    span_id,\n    JSON_VALUE(labels, '$.\\\"gen_ai.input.messages_ref\\\"') AS input_ref,\n    JSON_VALUE(labels, '$.\\\"gen_ai.output.messages_ref\\\"') AS output_ref\n  FROM `vital-cedar-456905-q9.labsignal_genai_telemetry_logs._AllLogs`\n  WHERE JSON_VALUE(labels, '$.\\\"gen_ai.input.messages_ref\\\"') IS NOT NULL\n     OR JSON_VALUE(labels, '$.\\\"gen_ai.output.messages_ref\\\"') IS NOT NULL\n),\n\n-- Unpivot to get one row per message reference\nunpivoted_refs AS (\n  SELECT\n    insert_id,\n    timestamp,\n    labels,\n    trace,\n    span_id,\n    input_ref AS messages_ref_uri,\n    'input' AS message_type\n  FROM log_refs\n  WHERE input_ref IS NOT NULL\n\n  UNION ALL\n\n  SELECT\n    insert_id,\n    timestamp,\n    labels,\n    trace,\n    span_id,\n    output_ref AS messages_ref_uri,\n    'output' AS message_type\n  FROM log_refs\n  WHERE output_ref IS NOT NULL\n),\n\n-- Join with completions external table and extract api_call_id once\njoined_data AS (\n  SELECT\n    lr.insert_id,\n    lr.timestamp,\n    lr.labels,\n    lr.trace,\n    lr.span_id,\n    lr.messages_ref_uri,\n    lr.message_type,\n    SPLIT(REGEXP_EXTRACT(lr.messages_ref_uri, r'/([^/]+)\\.jsonl'), '_')[OFFSET(0)] AS api_call_id,\n    c.role,\n    c.parts,\n    c.index AS message_idx\n  FROM unpivoted_refs lr\n  JOIN `vital-cedar-456905-q9.labsignal_telemetry.completions` c\n    ON lr.messages_ref_uri = c._FILE_NAME\n),\n\n-- Flatten the parts array\nflattened AS (\n  SELECT\n    insert_id,\n    timestamp,\n    labels,\n    trace,\n    span_id,\n    messages_ref_uri,\n    message_type,\n    api_call_id,\n    role,\n    message_idx,\n    part_idx,\n    part.type AS part_type,\n    part.content,\n    part.uri,\n    part.mime_type,\n    TO_HEX(MD5(part.data)) AS data_md5_hex,\n    part.id AS tool_id,\n    part.name AS tool_name,\n    part.arguments AS tool_args,\n    part.response AS tool_response\n  FROM joined_data\n  CROSS JOIN UNNEST(parts) AS part WITH OFFSET AS part_idx\n),\n\n-- Deduplicate by trace: keep only the latest log entry per trace\n-- (Tool calls create multiple log entries with same trace but different timestamps)\ndeduplicated AS (\n  SELECT\n    *,\n    ROW_NUMBER() OVER (\n      PARTITION BY trace, message_type, role, message_idx, part_idx\n      ORDER BY timestamp DESC\n    ) AS row_num\n  FROM flattened\n)\n\nSELECT\n  -- Core identifiers and timestamps\n  timestamp,\n  insert_id,\n  trace,\n  span_id,\n  api_call_id,\n\n  -- Message metadata\n  message_type,\n  role,\n  message_idx,\n  part_idx,\n\n  -- Message content\n  content,\n\n  -- Tool/function calling\n  part_type,\n  tool_name,\n  tool_args,\n  tool_response,\n\n  -- Additional metadata\n  uri,\n  mime_type,\n  data_md5_hex,\n\n  -- Raw fields\n  labels,\n  messages_ref_uri\nFROM deduplicated\nWHERE row_num = 1  -- Keep only the latest entry per trace/message/part\nORDER BY trace ASC, message_type ASC, message_idx ASC, part_idx ASC\n",
                "use_legacy_sql": false
              }
            ]
          },
          "sensitive_attributes": [],
          "identity_schema_version": 0,
          "private": "bnVsbA==",
          "dependencies": [
            "google_bigquery_connection.genai_telemetry_connection",
            "google_bigquery_dataset.telemetry_dataset",
            "google_bigquery_table.completions_external_table",
            "google_logging_linked_dataset.genai_logs_linked_dataset",
            "google_logging_project_bucket_config.genai_telemetry_bucket",
            "google_logging_project_sink.genai_logs_to_bucket",
            "google_project_service.cicd_services",
            "google_project_service.deploy_project_services",
            "google_storage_bucket.logs_data_bucket",
            "google_storage_bucket_iam_member.telemetry_connection_access",
            "time_sleep.wait_for_bq_connection_sa",
            "time_sleep.wait_for_linked_dataset",
            "time_sleep.wait_for_logging_api"
          ]
        },
        {
          "index_key": "staging",
          "schema_version": 0,
          "attributes": {
            "biglake_configuration": [],
            "clustering": null,
            "creation_time": 1773384948779,
            "dataset_id": "labsignal_telemetry",
            "deletion_protection": false,
            "description": "View of GenAI completion logs joined with the GCS prompt/response external table",
            "effective_labels": {
              "goog-terraform-provisioned": "true"
            },
            "encryption_configuration": [],
            "etag": "9aX5XXdkVDGP/lYCSiFvkg==",
            "expiration_time": 0,
            "external_catalog_table_options": [],
            "external_data_configuration": [],
            "friendly_name": "",
            "generated_schema_columns": "",
            "id": "projects/vital-cedar-456905-q9/datasets/labsignal_telemetry/tables/completions_view",
            "ignore_auto_generated_schema": false,
            "ignore_schema_changes": null,
            "labels": {},
            "last_modified_time": 1773384949455,
            "location": "us-central1",
            "materialized_view": [],
            "max_staleness": "",
            "num_bytes": 0,
            "num_long_term_bytes": 0,
            "num_rows": 0,
            "project": "vital-cedar-456905-q9",
            "range_partitioning": [],
            "require_partition_filter": false,
            "resource_tags": {},
            "schema": "[{\"mode\":\"NULLABLE\",\"name\":\"timestamp\",\"type\":\"TIMESTAMP\"},{\"mode\":\"NULLABLE\",\"name\":\"insert_id\",\"type\":\"STRING\"},{\"mode\":\"NULLABLE\",\"name\":\"trace\",\"type\":\"STRING\"},{\"mode\":\"NULLABLE\",\"name\":\"span_id\",\"type\":\"STRING\"},{\"mode\":\"NULLABLE\",\"name\":\"api_call_id\",\"type\":\"STRING\"},{\"mode\":\"NULLABLE\",\"name\":\"message_type\",\"type\":\"STRING\"},{\"mode\":\"NULLABLE\",\"name\":\"role\",\"type\":\"STRING\"},{\"mode\":\"NULLABLE\",\"name\":\"message_idx\",\"type\":\"INTEGER\"},{\"mode\":\"NULLABLE\",\"name\":\"part_idx\",\"type\":\"INTEGER\"},{\"mode\":\"NULLABLE\",\"name\":\"content\",\"type\":\"STRING\"},{\"mode\":\"NULLABLE\",\"name\":\"part_type\",\"type\":\"STRING\"},{\"mode\":\"NULLABLE\",\"name\":\"tool_name\",\"type\":\"STRING\"},{\"mode\":\"NULLABLE\",\"name\":\"tool_args\",\"type\":\"JSON\"},{\"mode\":\"NULLABLE\",\"name\":\"tool_response\",\"type\":\"JSON\"},{\"mode\":\"NULLABLE\",\"name\":\"uri\",\"type\":\"STRING\"},{\"mode\":\"NULLABLE\",\"name\":\"mime_type\",\"type\":\"STRING\"},{\"mode\":\"NULLABLE\",\"name\":\"data_md5_hex\",\"type\":\"STRING\"},{\"mode\":\"NULLABLE\",\"name\":\"labels\",\"type\":\"JSON\"},{\"mode\":\"NULLABLE\",\"name\":\"messages_ref_uri\",\"type\":\"STRING\"}]",
            "schema_foreign_type_info": [],
            "self_link": "https://bigquery.googleapis.com/bigquery/v2/projects/vital-cedar-456905-q9/datasets/labsignal_telemetry/tables/completions_view",
            "table_constraints": [],
            "table_id": "completions_view",
            "table_metadata_view": null,
            "table_replication_info": [],
            "terraform_labels": {
              "goog-terraform-provisioned": "true"
            },
            "time_partitioning": [],
            "type": "VIEW",
            "view": [
              {
                "query": "-- Optimized join of Cloud Logging data with GCS-stored prompt/response data.\n-- This query extracts both input and output messages referenced in logs.\n-- Note: Input files contain full conversation history, so messages may appear multiple times.\n\n-- Extract message references from Cloud Logging (scan once, extract both input/output)\nWITH log_refs AS (\n  SELECT\n    insert_id,\n    timestamp,\n    labels,\n    trace,\n    span_id,\n    JSON_VALUE(labels, '$.\\\"gen_ai.input.messages_ref\\\"') AS input_ref,\n    JSON_VALUE(labels, '$.\\\"gen_ai.output.messages_ref\\\"') AS output_ref\n  FROM `vital-cedar-456905-q9.labsignal_genai_telemetry_logs._AllLogs`\n  WHERE JSON_VALUE(labels, '$.\\\"gen_ai.input.messages_ref\\\"') IS NOT NULL\n     OR JSON_VALUE(labels, '$.\\\"gen_ai.output.messages_ref\\\"') IS NOT NULL\n),\n\n-- Unpivot to get one row per message reference\nunpivoted_refs AS (\n  SELECT\n    insert_id,\n    timestamp,\n    labels,\n    trace,\n    span_id,\n    input_ref AS messages_ref_uri,\n    'input' AS message_type\n  FROM log_refs\n  WHERE input_ref IS NOT NULL\n\n  UNION ALL\n\n  SELECT\n    insert_id,\n    timestamp,\n    labels,\n    trace,\n    span_id,\n    output_ref AS messages_ref_uri,\n    'output' AS message_type\n  FROM log_refs\n  WHERE output_ref IS NOT NULL\n),\n\n-- Join with completions external table and extract api_call_id once\njoined_data AS (\n  SELECT\n    lr.insert_id,\n    lr.timestamp,\n    lr.labels,\n    lr.trace,\n    lr.span_id,\n    lr.messages_ref_uri,\n    lr.message_type,\n    SPLIT(REGEXP_EXTRACT(lr.messages_ref_uri, r'/([^/]+)\\.jsonl'), '_')[OFFSET(0)] AS api_call_id,\n    c.role,\n    c.parts,\n    c.index AS message_idx\n  FROM unpivoted_refs lr\n  JOIN `vital-cedar-456905-q9.labsignal_telemetry.completions` c\n    ON lr.messages_ref_uri = c._FILE_NAME\n),\n\n-- Flatten the parts array\nflattened AS (\n  SELECT\n    insert_id,\n    timestamp,\n    labels,\n    trace,\n    span_id,\n    messages_ref_uri,\n    message_type,\n    api_call_id,\n    role,\n    message_idx,\n    part_idx,\n    part.type AS part_type,\n    part.content,\n    part.uri,\n    part.mime_type,\n    TO_HEX(MD5(part.data)) AS data_md5_hex,\n    part.id AS tool_id,\n    part.name AS tool_name,\n    part.arguments AS tool_args,\n    part.response AS tool_response\n  FROM joined_data\n  CROSS JOIN UNNEST(parts) AS part WITH OFFSET AS part_idx\n),\n\n-- Deduplicate by trace: keep only the latest log entry per trace\n-- (Tool calls create multiple log entries with same trace but different timestamps)\ndeduplicated AS (\n  SELECT\n    *,\n    ROW_NUMBER() OVER (\n      PARTITION BY trace, message_type, role, message_idx, part_idx\n      ORDER BY timestamp DESC\n    ) AS row_num\n  FROM flattened\n)\n\nSELECT\n  -- Core identifiers and timestamps\n  timestamp,\n  insert_id,\n  trace,\n  span_id,\n  api_call_id,\n\n  -- Message metadata\n  message_type,\n  role,\n  message_idx,\n  part_idx,\n\n  -- Message content\n  content,\n\n  -- Tool/function calling\n  part_type,\n  tool_name,\n  tool_args,\n  tool_response,\n\n  -- Additional metadata\n  uri,\n  mime_type,\n  data_md5_hex,\n\n  -- Raw fields\n  labels,\n  messages_ref_uri\nFROM deduplicated\nWHERE row_num = 1  -- Keep only the latest entry per trace/message/part\nORDER BY trace ASC, message_type ASC, message_idx ASC, part_idx ASC\n",
                "use_legacy_sql": false
              }
            ]
          },
          "sensitive_attributes": [],
          "identity_schema_version": 0,
          "private": "bnVsbA==",
          "dependencies": [
            "google_bigquery_connection.genai_telemetry_connection",
            "google_bigquery_dataset.telemetry_dataset",
            "google_bigquery_table.completions_external_table",
            "google_logging_linked_dataset.genai_logs_linked_dataset",
            "google_logging_project_bucket_config.genai_telemetry_bucket",
            "google_logging_project_sink.genai_logs_to_bucket",
            "google_project_service.cicd_services",
            "google_project_service.deploy_project_services",
            "google_storage_bucket.logs_data_bucket",
            "google_storage_bucket_iam_member.telemetry_connection_access",
            "time_sleep.wait_for_bq_connection_sa",
            "time_sleep.wait_for_linked_dataset",
            "time_sleep.wait_for_logging_api"
          ]
        }
      ]
    },
    {
      "mode": "managed",
      "type": "google_cloudbuild_trigger",
      "name": "cd_pipeline",
      "provider": "provider[\"registry.terraform.io/hashicorp/google\"]",
      "instances": [
        {
          "schema_version": 2,
          "attributes": {
            "approval_config": [
              {
                "approval_required": false
              }
            ],
            "bitbucket_server_trigger_config": [],
            "build": [],
            "create_time": "2026-03-13T06:54:16.269613145Z",
            "description": "Trigger for CD pipeline",
            "developer_connect_event_config": [],
            "disabled": false,
            "filename": ".cloudbuild/staging.yaml",
            "filter": "",
            "git_file_source": [],
            "github": [],
            "id": "projects/vital-cedar-456905-q9/locations/us-central1/triggers/9cb721b7-99f8-489c-934e-987662281f3e",
            "ignored_files": [],
            "include_build_logs": "INCLUDE_BUILD_LOGS_WITH_STATUS",
            "included_files": [
              "app/**",
              "data_ingestion/**",
              "tests/**",
              "deployment/**",
              "uv.lock"
            ],
            "location": "us-central1",
            "name": "cd-labsignal",
            "project": "vital-cedar-456905-q9",
            "pubsub_config": [],
            "repository_event_config": [
              {
                "pull_request": [],
                "push": [
                  {
                    "branch": "main",
                    "invert_regex": false,
                    "tag": ""
                  }
                ],
                "repository": "projects/vital-cedar-456905-q9/locations/us-central1/connections/git-labsignal/repositories/labsignal"
              }
            ],
            "service_account": "projects/vital-cedar-456905-q9/serviceAccounts/labsignal-cb@vital-cedar-456905-q9.iam.gserviceaccount.com",
            "source_to_build": [],
            "substitutions": {
              "_APP_SERVICE_ACCOUNT_STAGING": "labsignal-app@vital-cedar-456905-q9.iam.gserviceaccount.com",
              "_LOGS_BUCKET_NAME_STAGING": "vital-cedar-456905-q9-labsignal-logs",
              "_REGION": "us-central1",
              "_STAGING_PROJECT_ID": "vital-cedar-456905-q9"
            },
            "tags": [],
            "timeouts": null,
            "trigger_id": "9cb721b7-99f8-489c-934e-987662281f3e",
            "trigger_template": [],
            "webhook_config": []
          },
          "sensitive_attributes": [],
          "identity_schema_version": 0,
          "private": "eyJlMmJmYjczMC1lY2FhLTExZTYtOGY4OC0zNDM2M2JjN2M0YzAiOnsiY3JlYXRlIjoxMjAwMDAwMDAwMDAwLCJkZWxldGUiOjEyMDAwMDAwMDAwMDAsInVwZGF0ZSI6MTIwMDAwMDAwMDAwMH0sInNjaGVtYV92ZXJzaW9uIjoiMiJ9",
          "dependencies": [
            "data.github_repository.existing_repo",
            "data.google_project.cicd_project",
            "data.google_secret_manager_secret.github_pat",
            "github_repository.repo",
            "google_cloudbuildv2_connection.github_connection",
            "google_cloudbuildv2_repository.repo",
            "google_project_service.cicd_services",
            "google_project_service.deploy_project_services",
            "google_secret_manager_secret_iam_member.cloudbuild_secret_accessor",
            "google_service_account.app_sa",
            "google_service_account.cicd_runner_sa",
            "google_storage_bucket.logs_data_bucket"
          ]
        }
      ]
    },
    {
      "mode": "managed",
      "type": "google_cloudbuild_trigger",
      "name": "deploy_to_prod_pipeline",
      "provider": "provider[\"registry.terraform.io/hashicorp/google\"]",
      "instances": [
        {
          "schema_version": 2,
          "attributes": {
            "approval_config": [
              {
                "approval_required": true
              }
            ],
            "bitbucket_server_trigger_config": [],
            "build": [],
            "create_time": "2026-03-13T06:54:16.273056444Z",
            "description": "Trigger for deployment to production",
            "developer_connect_event_config": [],
            "disabled": false,
            "filename": ".cloudbuild/deploy-to-prod.yaml",
            "filter": "",
            "git_file_source": [],
            "github": [],
            "id": "projects/vital-cedar-456905-q9/locations/us-central1/triggers/0a49a252-b031-4d8c-b36f-fc191349a06b",
            "ignored_files": [],
            "include_build_logs": "INCLUDE_BUILD_LOGS_WITH_STATUS",
            "included_files": [],
            "location": "us-central1",
            "name": "deploy-labsignal",
            "project": "vital-cedar-456905-q9",
            "pubsub_config": [],
            "repository_event_config": [
              {
                "pull_request": [],
                "push": [],
                "repository": "projects/vital-cedar-456905-q9/locations/us-central1/connections/git-labsignal/repositories/labsignal"
              }
            ],
            "service_account": "projects/vital-cedar-456905-q9/serviceAccounts/labsignal-cb@vital-cedar-456905-q9.iam.gserviceaccount.com",
            "source_to_build": [],
            "substitutions": {
              "_APP_SERVICE_ACCOUNT_PROD": "labsignal-app@vital-cedar-456905-q9.iam.gserviceaccount.com",
              "_LOGS_BUCKET_NAME_PROD": "vital-cedar-456905-q9-labsignal-logs",
              "_PROD_PROJECT_ID": "vital-cedar-456905-q9",
              "_REGION": "us-central1"
            },
            "tags": [],
            "timeouts": null,
            "trigger_id": "0a49a252-b031-4d8c-b36f-fc191349a06b",
            "trigger_template": [],
            "webhook_config": []
          },
          "sensitive_attributes": [],
          "identity_schema_version": 0,
          "private": "eyJlMmJmYjczMC1lY2FhLTExZTYtOGY4OC0zNDM2M2JjN2M0YzAiOnsiY3JlYXRlIjoxMjAwMDAwMDAwMDAwLCJkZWxldGUiOjEyMDAwMDAwMDAwMDAsInVwZGF0ZSI6MTIwMDAwMDAwMDAwMH0sInNjaGVtYV92ZXJzaW9uIjoiMiJ9",
          "dependencies": [
            "data.github_repository.existing_repo",
            "data.google_project.cicd_project",
            "data.google_secret_manager_secret.github_pat",
            "github_repository.repo",
            "google_cloudbuildv2_connection.github_connection",
            "google_cloudbuildv2_repository.repo",
            "google_project_service.cicd_services",
            "google_project_service.deploy_project_services",
            "google_secret_manager_secret_iam_member.cloudbuild_secret_accessor",
            "google_service_account.app_sa",
            "google_service_account.cicd_runner_sa",
            "google_storage_bucket.logs_data_bucket"
          ]
        }
      ]
    },
    {
      "mode": "managed",
      "type": "google_cloudbuild_trigger",
      "name": "pr_checks",
      "provider": "provider[\"registry.terraform.io/hashicorp/google\"]",
      "instances": [
        {
          "schema_version": 2,
          "attributes": {
            "approval_config": [
              {
                "approval_required": false
              }
            ],
            "bitbucket_server_trigger_config": [],
            "build": [],
            "create_time": "2026-03-13T06:54:16.264200307Z",
            "description": "Trigger for PR checks",
            "developer_connect_event_config": [],
            "disabled": false,
            "filename": ".cloudbuild/pr_checks.yaml",
            "filter": "",
            "git_file_source": [],
            "github": [],
            "id": "projects/vital-cedar-456905-q9/locations/us-central1/triggers/97730043-ab78-4995-94ee-4cc1a2605d4e",
            "ignored_files": [],
            "include_build_logs": "INCLUDE_BUILD_LOGS_WITH_STATUS",
            "included_files": [
              "app/**",
              "data_ingestion/**",
              "tests/**",
              "deployment/**",
              "uv.lock"
            ],
            "location": "us-central1",
            "name": "pr-labsignal",
            "project": "vital-cedar-456905-q9",
            "pubsub_config": [],
            "repository_event_config": [
              {
                "pull_request": [
                  {
                    "branch": "main",
                    "comment_control": "",
                    "invert_regex": false
                  }
                ],
                "push": [],
                "repository": "projects/vital-cedar-456905-q9/locations/us-central1/connections/git-labsignal/repositories/labsignal"
              }
            ],
            "service_account": "projects/vital-cedar-456905-q9/serviceAccounts/labsignal-cb@vital-cedar-456905-q9.iam.gserviceaccount.com",
            "source_to_build": [],
            "substitutions": {},
            "tags": [],
            "timeouts": null,
            "trigger_id": "97730043-ab78-4995-94ee-4cc1a2605d4e",
            "trigger_template": [],
            "webhook_config": []
          },
          "sensitive_attributes": [],
          "identity_schema_version": 0,
          "private": "eyJlMmJmYjczMC1lY2FhLTExZTYtOGY4OC0zNDM2M2JjN2M0YzAiOnsiY3JlYXRlIjoxMjAwMDAwMDAwMDAwLCJkZWxldGUiOjEyMDAwMDAwMDAwMDAsInVwZGF0ZSI6MTIwMDAwMDAwMDAwMH0sInNjaGVtYV92ZXJzaW9uIjoiMiJ9",
          "dependencies": [
            "data.github_repository.existing_repo",
            "data.google_project.cicd_project",
            "data.google_secret_manager_secret.github_pat",
            "github_repository.repo",
            "google_cloudbuildv2_connection.github_connection",
            "google_cloudbuildv2_repository.repo",
            "google_project_service.cicd_services",
            "google_project_service.deploy_project_services",
            "google_secret_manager_secret_iam_member.cloudbuild_secret_accessor",
            "google_service_account.cicd_runner_sa"
          ]
        }
      ]
    },
    {
      "mode": "managed",
      "type": "google_cloudbuildv2_connection",
      "name": "github_connection",
      "provider": "provider[\"registry.terraform.io/hashicorp/google\"]",
      "instances": [
        {
          "index_key": 0,
          "schema_version": 0,
          "attributes": {
            "annotations": {},
            "bitbucket_cloud_config": [],
            "bitbucket_data_center_config": [],
            "create_time": "2026-03-13T06:20:10.445328604Z",
            "disabled": false,
            "effective_annotations": {},
            "etag": "x_TAoUvQBFM8YP3B5Bswx5F8Ts3L3Dv8IIRNTXoB9Z0",
            "github_config": [
              {
                "app_installation_id": 116030369,
                "authorizer_credential": [
                  {
                    "oauth_token_secret_version": "projects/vital-cedar-456905-q9/secrets/github-pat-labsignal/versions/latest",
                    "username": ""
                  }
                ]
              }
            ],
            "github_enterprise_config": [],
            "gitlab_config": [],
            "id": "projects/vital-cedar-456905-q9/locations/us-central1/connections/git-labsignal",
            "installation_state": [
              {
                "action_uri": "",
                "message": "",
                "stage": "COMPLETE"
              }
            ],
            "location": "us-central1",
            "name": "git-labsignal",
            "project": "vital-cedar-456905-q9",
            "reconciling": false,
            "timeouts": null,
            "update_time": "2026-03-13T06:44:59.583523120Z"
          },
          "sensitive_attributes": [],
          "identity_schema_version": 0,
          "private": "eyJlMmJmYjczMC1lY2FhLTExZTYtOGY4OC0zNDM2M2JjN2M0YzAiOnsiY3JlYXRlIjoxMjAwMDAwMDAwMDAwLCJkZWxldGUiOjEyMDAwMDAwMDAwMDAsInVwZGF0ZSI6MTIwMDAwMDAwMDAwMH19",
          "dependencies": [
            "data.google_project.cicd_project",
            "data.google_secret_manager_secret.github_pat",
            "google_project_service.cicd_services",
            "google_project_service.deploy_project_services",
            "google_secret_manager_secret_iam_member.cloudbuild_secret_accessor"
          ]
        }
      ]
    },
    {
      "mode": "managed",
      "type": "google_cloudbuildv2_repository",
      "name": "repo",
      "provider": "provider[\"registry.terraform.io/hashicorp/google\"]",
      "instances": [
        {
          "schema_version": 0,
          "attributes": {
            "annotations": {},
            "create_time": "2026-03-13T06:53:52.764953051Z",
            "effective_annotations": {},
            "etag": "RBd1w6vFSJtNB4SdourZKEtvLsbKuRHoIbjo7dRgKv0",
            "id": "projects/vital-cedar-456905-q9/locations/us-central1/connections/git-labsignal/repositories/labsignal",
            "location": "us-central1",
            "name": "labsignal",
            "parent_connection": "projects/vital-cedar-456905-q9/locations/us-central1/connections/git-labsignal",
            "project": "vital-cedar-456905-q9",
            "remote_uri": "https://github.com/ClustermyComputer/labsignal.git",
            "timeouts": null,
            "update_time": "2026-03-13T06:53:53.452992566Z"
          },
          "sensitive_attributes": [],
          "identity_schema_version": 0,
          "private": "eyJlMmJmYjczMC1lY2FhLTExZTYtOGY4OC0zNDM2M2JjN2M0YzAiOnsiY3JlYXRlIjoxMjAwMDAwMDAwMDAwLCJkZWxldGUiOjEyMDAwMDAwMDAwMDB9fQ==",
          "dependencies": [
            "data.github_repository.existing_repo",
            "data.google_project.cicd_project",
            "data.google_secret_manager_secret.github_pat",
            "github_repository.repo",
            "google_cloudbuildv2_connection.github_connection",
            "google_project_service.cicd_services",
            "google_project_service.deploy_project_services",
            "google_secret_manager_secret_iam_member.cloudbuild_secret_accessor"
          ]
        }
      ]
    },
    {
      "mode": "managed",
      "type": "google_logging_linked_dataset",
      "name": "genai_logs_linked_dataset",
      "provider": "provider[\"registry.terraform.io/hashicorp/google\"]",
      "instances": [
        {
          "index_key": "prod",
          "schema_version": 0,
          "attributes": {
            "bigquery_dataset": [
              {
                "dataset_id": "bigquery.googleapis.com/projects/vital-cedar-456905-q9/datasets/labsignal_genai_telemetry_logs"
              }
            ],
            "bucket": "labsignal-genai-telemetry",
            "create_time": "2026-03-13T06:20:10.679000217Z",
            "description": "Linked dataset for labsignal GenAI telemetry Cloud Logging bucket",
            "id": "projects/vital-cedar-456905-q9/locations/us-central1/buckets/labsignal-genai-telemetry/links/labsignal_genai_telemetry_logs",
            "lifecycle_state": "ACTIVE",
            "link_id": "labsignal_genai_telemetry_logs",
            "location": "us-central1",
            "name": "projects/vital-cedar-456905-q9/locations/us-central1/buckets/labsignal-genai-telemetry/links/labsignal_genai_telemetry_logs",
            "parent": "projects/vital-cedar-456905-q9",
            "timeouts": null
          },
          "sensitive_attributes": [],
          "identity_schema_version": 0,
          "private": "eyJlMmJmYjczMC1lY2FhLTExZTYtOGY4OC0zNDM2M2JjN2M0YzAiOnsiY3JlYXRlIjoxMjAwMDAwMDAwMDAwLCJkZWxldGUiOjEyMDAwMDAwMDAwMDB9LCJzY2hlbWFfdmVyc2lvbiI6IjAifQ==",
          "dependencies": [
            "google_logging_project_bucket_config.genai_telemetry_bucket",
            "google_logging_project_sink.genai_logs_to_bucket",
            "google_project_service.cicd_services",
            "google_project_service.deploy_project_services",
            "time_sleep.wait_for_logging_api"
          ]
        },
        {
          "index_key": "staging",
          "schema_version": 0,
          "attributes": {
            "bigquery_dataset": [
              {
                "dataset_id": "bigquery.googleapis.com/projects/vital-cedar-456905-q9/datasets/labsignal_genai_telemetry_logs"
              }
            ],
            "bucket": "labsignal-genai-telemetry",
            "create_time": "2026-03-13T06:20:10.679000217Z",
            "description": "Linked dataset for labsignal GenAI telemetry Cloud Logging bucket",
            "id": "projects/vital-cedar-456905-q9/locations/us-central1/buckets/labsignal-genai-telemetry/links/labsignal_genai_telemetry_logs",
            "lifecycle_state": "ACTIVE",
            "link_id": "labsignal_genai_telemetry_logs",
            "location": "us-central1",
            "name": "projects/vital-cedar-456905-q9/locations/us-central1/buckets/labsignal-genai-telemetry/links/labsignal_genai_telemetry_logs",
            "parent": "projects/vital-cedar-456905-q9",
            "timeouts": null
          },
          "sensitive_attributes": [],
          "identity_schema_version": 0,
          "private": "eyJlMmJmYjczMC1lY2FhLTExZTYtOGY4OC0zNDM2M2JjN2M0YzAiOnsiY3JlYXRlIjoxMjAwMDAwMDAwMDAwLCJkZWxldGUiOjEyMDAwMDAwMDAwMDB9fQ==",
          "dependencies": [
            "google_logging_project_bucket_config.genai_telemetry_bucket",
            "google_logging_project_sink.genai_logs_to_bucket",
            "google_project_service.cicd_services",
            "google_project_service.deploy_project_services",
            "time_sleep.wait_for_logging_api"
          ]
        }
      ]
    },
    {
      "mode": "managed",
      "type": "google_logging_project_bucket_config",
      "name": "genai_telemetry_bucket",
      "provider": "provider[\"registry.terraform.io/hashicorp/google\"]",
      "instances": [
        {
          "index_key": "prod",
          "schema_version": 0,
          "attributes": {
            "bucket_id": "labsignal-genai-telemetry",
            "cmek_settings": [],
            "description": "Dedicated Cloud Logging bucket for labsignal GenAI telemetry with 10 year retention",
            "enable_analytics": true,
            "id": "projects/vital-cedar-456905-q9/locations/us-central1/buckets/labsignal-genai-telemetry",
            "index_configs": [],
            "lifecycle_state": "ACTIVE",
            "location": "us-central1",
            "locked": false,
            "name": "projects/vital-cedar-456905-q9/locations/us-central1/buckets/labsignal-genai-telemetry",
            "project": "vital-cedar-456905-q9",
            "retention_days": 3650
          },
          "sensitive_attributes": [],
          "identity_schema_version": 0,
          "private": "bnVsbA==",
          "dependencies": [
            "google_project_service.cicd_services",
            "google_project_service.deploy_project_services",
            "time_sleep.wait_for_logging_api"
          ]
        },
        {
          "index_key": "staging",
          "schema_version": 0,
          "attributes": {
            "bucket_id": "labsignal-genai-telemetry",
            "cmek_settings": [],
            "description": "Dedicated Cloud Logging bucket for labsignal GenAI telemetry with 10 year retention",
            "enable_analytics": true,
            "id": "projects/vital-cedar-456905-q9/locations/us-central1/buckets/labsignal-genai-telemetry",
            "index_configs": [],
            "lifecycle_state": "ACTIVE",
            "location": "us-central1",
            "locked": false,
            "name": "projects/vital-cedar-456905-q9/locations/us-central1/buckets/labsignal-genai-telemetry",
            "project": "vital-cedar-456905-q9",
            "retention_days": 3650
          },
          "sensitive_attributes": [],
          "identity_schema_version": 0,
          "private": "bnVsbA==",
          "dependencies": [
            "google_project_service.cicd_services",
            "google_project_service.deploy_project_services",
            "time_sleep.wait_for_logging_api"
          ]
        }
      ]
    },
    {
      "mode": "managed",
      "type": "google_logging_project_sink",
      "name": "feedback_logs_to_bucket",
      "provider": "provider[\"registry.terraform.io/hashicorp/google\"]",
      "instances": [
        {
          "index_key": "prod",
          "schema_version": 0,
          "attributes": {
            "bigquery_options": [],
            "custom_writer_identity": null,
            "description": "",
            "destination": "logging.googleapis.com/projects/vital-cedar-456905-q9/locations/us-central1/buckets/labsignal-genai-telemetry",
            "disabled": false,
            "exclusions": [],
            "filter": "jsonPayload.log_type=\"feedback\" jsonPayload.service_name=\"labsignal\"",
            "id": "projects/vital-cedar-456905-q9/sinks/labsignal-feedback",
            "name": "labsignal-feedback",
            "project": "vital-cedar-456905-q9",
            "unique_writer_identity": true,
            "writer_identity": ""
          },
          "sensitive_attributes": [],
          "identity_schema_version": 0,
          "private": "bnVsbA==",
          "dependencies": [
            "google_logging_project_bucket_config.genai_telemetry_bucket",
            "google_project_service.cicd_services",
            "google_project_service.deploy_project_services",
            "time_sleep.wait_for_logging_api"
          ]
        },
        {
          "index_key": "staging",
          "schema_version": 0,
          "attributes": {
            "bigquery_options": [],
            "custom_writer_identity": null,
            "description": "",
            "destination": "logging.googleapis.com/projects/vital-cedar-456905-q9/locations/us-central1/buckets/labsignal-genai-telemetry",
            "disabled": false,
            "exclusions": [],
            "filter": "jsonPayload.log_type=\"feedback\" jsonPayload.service_name=\"labsignal\"",
            "id": "projects/vital-cedar-456905-q9/sinks/labsignal-feedback",
            "name": "labsignal-feedback",
            "project": "vital-cedar-456905-q9",
            "unique_writer_identity": true,
            "writer_identity": ""
          },
          "sensitive_attributes": [],
          "identity_schema_version": 0,
          "private": "bnVsbA==",
          "dependencies": [
            "google_logging_project_bucket_config.genai_telemetry_bucket",
            "google_project_service.cicd_services",
            "google_project_service.deploy_project_services",
            "time_sleep.wait_for_logging_api"
          ]
        }
      ]
    },
    {
      "mode": "managed",
      "type": "google_logging_project_sink",
      "name": "genai_logs_to_bucket",
      "provider": "provider[\"registry.terraform.io/hashicorp/google\"]",
      "instances": [
        {
          "index_key": "prod",
          "schema_version": 0,
          "attributes": {
            "bigquery_options": [],
            "custom_writer_identity": null,
            "description": "",
            "destination": "logging.googleapis.com/projects/vital-cedar-456905-q9/locations/us-central1/buckets/labsignal-genai-telemetry",
            "disabled": false,
            "exclusions": [],
            "filter": "log_name=\"projects/vital-cedar-456905-q9/logs/gen_ai.client.inference.operation.details\" AND (labels.\"gen_ai.input.messages_ref\" =~ \".*labsignal.*\" OR labels.\"gen_ai.output.messages_ref\" =~ \".*labsignal.*\")",
            "id": "projects/vital-cedar-456905-q9/sinks/labsignal-genai-logs",
            "name": "labsignal-genai-logs",
            "project": "vital-cedar-456905-q9",
            "unique_writer_identity": true,
            "writer_identity": ""
          },
          "sensitive_attributes": [],
          "identity_schema_version": 0,
          "private": "bnVsbA==",
          "dependencies": [
            "google_logging_project_bucket_config.genai_telemetry_bucket",
            "google_project_service.cicd_services",
            "google_project_service.deploy_project_services",
            "time_sleep.wait_for_logging_api"
          ]
        },
        {
          "index_key": "staging",
          "schema_version": 0,
          "attributes": {
            "bigquery_options": [],
            "custom_writer_identity": null,
            "description": "",
            "destination": "logging.googleapis.com/projects/vital-cedar-456905-q9/locations/us-central1/buckets/labsignal-genai-telemetry",
            "disabled": false,
            "exclusions": [],
            "filter": "log_name=\"projects/vital-cedar-456905-q9/logs/gen_ai.client.inference.operation.details\" AND (labels.\"gen_ai.input.messages_ref\" =~ \".*labsignal.*\" OR labels.\"gen_ai.output.messages_ref\" =~ \".*labsignal.*\")",
            "id": "projects/vital-cedar-456905-q9/sinks/labsignal-genai-logs",
            "name": "labsignal-genai-logs",
            "project": "vital-cedar-456905-q9",
            "unique_writer_identity": true,
            "writer_identity": ""
          },
          "sensitive_attributes": [],
          "identity_schema_version": 0,
          "private": "bnVsbA==",
          "dependencies": [
            "google_logging_project_bucket_config.genai_telemetry_bucket",
            "google_project_service.cicd_services",
            "google_project_service.deploy_project_services",
            "time_sleep.wait_for_logging_api"
          ]
        }
      ]
    },
    {
      "mode": "managed",
      "type": "google_project_iam_member",
      "name": "app_sa_roles",
      "provider": "provider[\"registry.terraform.io/hashicorp/google\"]",
      "instances": [
        {
          "index_key": "prod,roles/aiplatform.user",
          "schema_version": 0,
          "attributes": {
            "condition": [],
            "etag": "BwZM4fqBj0A=",
            "id": "vital-cedar-456905-q9/roles/aiplatform.user/serviceAccount:labsignal-app@vital-cedar-456905-q9.iam.gserviceaccount.com",
            "member": "serviceAccount:labsignal-app@vital-cedar-456905-q9.iam.gserviceaccount.com",
            "project": "vital-cedar-456905-q9",
            "role": "roles/aiplatform.user"
          },
          "sensitive_attributes": [],
          "identity_schema_version": 0,
          "private": "bnVsbA==",
          "dependencies": [
            "google_project_service.cicd_services",
            "google_project_service.deploy_project_services",
            "google_service_account.app_sa"
          ]
        },
        {
          "index_key": "prod,roles/cloudtrace.agent",
          "schema_version": 0,
          "attributes": {
            "condition": [],
            "etag": "BwZM4fqBj0A=",
            "id": "vital-cedar-456905-q9/roles/cloudtrace.agent/serviceAccount:labsignal-app@vital-cedar-456905-q9.iam.gserviceaccount.com",
            "member": "serviceAccount:labsignal-app@vital-cedar-456905-q9.iam.gserviceaccount.com",
            "project": "vital-cedar-456905-q9",
            "role": "roles/cloudtrace.agent"
          },
          "sensitive_attributes": [],
          "identity_schema_version": 0,
          "private": "bnVsbA==",
          "dependencies": [
            "google_project_service.cicd_services",
            "google_project_service.deploy_project_services",
            "google_service_account.app_sa"
          ]
        },
        {
          "index_key": "prod,roles/logging.logWriter",
          "schema_version": 0,
          "attributes": {
            "condition": [],
            "etag": "BwZM4fqBj0A=",
            "id": "vital-cedar-456905-q9/roles/logging.logWriter/serviceAccount:labsignal-app@vital-cedar-456905-q9.iam.gserviceaccount.com",
            "member": "serviceAccount:labsignal-app@vital-cedar-456905-q9.iam.gserviceaccount.com",
            "project": "vital-cedar-456905-q9",
            "role": "roles/logging.logWriter"
          },
          "sensitive_attributes": [],
          "identity_schema_version": 0,
          "private": "bnVsbA==",
          "dependencies": [
            "google_project_service.cicd_services",
            "google_project_service.deploy_project_services",
            "google_service_account.app_sa"
          ]
        },
        {
          "index_key": "prod,roles/serviceusage.serviceUsageConsumer",
          "schema_version": 0,
          "attributes": {
            "condition": [],
            "etag": "BwZM4fqBj0A=",
            "id": "vital-cedar-456905-q9/roles/serviceusage.serviceUsageConsumer/serviceAccount:labsignal-app@vital-cedar-456905-q9.iam.gserviceaccount.com",
            "member": "serviceAccount:labsignal-app@vital-cedar-456905-q9.iam.gserviceaccount.com",
            "project": "vital-cedar-456905-q9",
            "role": "roles/serviceusage.serviceUsageConsumer"
          },
          "sensitive_attributes": [],
          "identity_schema_version": 0,
          "private": "bnVsbA==",
          "dependencies": [
            "google_project_service.cicd_services",
            "google_project_service.deploy_project_services",
            "google_service_account.app_sa"
          ]
        },
        {
          "index_key": "prod,roles/storage.admin",
          "schema_version": 0,
          "attributes": {
            "condition": [],
            "etag": "BwZM4fqBj0A=",
            "id": "vital-cedar-456905-q9/roles/storage.admin/serviceAccount:labsignal-app@vital-cedar-456905-q9.iam.gserviceaccount.com",
            "member": "serviceAccount:labsignal-app@vital-cedar-456905-q9.iam.gserviceaccount.com",
            "project": "vital-cedar-456905-q9",
            "role": "roles/storage.admin"
          },
          "sensitive_attributes": [],
          "identity_schema_version": 0,
          "private": "bnVsbA==",
          "dependencies": [
            "google_project_service.cicd_services",
            "google_project_service.deploy_project_services",
            "google_service_account.app_sa"
          ]
        },
        {
          "index_key": "staging,roles/aiplatform.user",
          "schema_version": 0,
          "attributes": {
            "condition": [],
            "etag": "BwZM4fqBj0A=",
            "id": "vital-cedar-456905-q9/roles/aiplatform.user/serviceAccount:labsignal-app@vital-cedar-456905-q9.iam.gserviceaccount.com",
            "member": "serviceAccount:labsignal-app@vital-cedar-456905-q9.iam.gserviceaccount.com",
            "project": "vital-cedar-456905-q9",
            "role": "roles/aiplatform.user"
          },
          "sensitive_attributes": [],
          "identity_schema_version": 0,
          "private": "bnVsbA==",
          "dependencies": [
            "google_project_service.cicd_services",
            "google_project_service.deploy_project_services",
            "google_service_account.app_sa"
          ]
        },
        {
          "index_key": "staging,roles/cloudtrace.agent",
          "schema_version": 0,
          "attributes": {
            "condition": [],
            "etag": "BwZM4fqBj0A=",
            "id": "vital-cedar-456905-q9/roles/cloudtrace.agent/serviceAccount:labsignal-app@vital-cedar-456905-q9.iam.gserviceaccount.com",
            "member": "serviceAccount:labsignal-app@vital-cedar-456905-q9.iam.gserviceaccount.com",
            "project": "vital-cedar-456905-q9",
            "role": "roles/cloudtrace.agent"
          },
          "sensitive_attributes": [],
          "identity_schema_version": 0,
          "private": "bnVsbA==",
          "dependencies": [
            "google_project_service.cicd_services",
            "google_project_service.deploy_project_services",
            "google_service_account.app_sa"
          ]
        },
        {
          "index_key": "staging,roles/logging.logWriter",
          "schema_version": 0,
          "attributes": {
            "condition": [],
            "etag": "BwZM4fqBj0A=",
            "id": "vital-cedar-456905-q9/roles/logging.logWriter/serviceAccount:labsignal-app@vital-cedar-456905-q9.iam.gserviceaccount.com",
            "member": "serviceAccount:labsignal-app@vital-cedar-456905-q9.iam.gserviceaccount.com",
            "project": "vital-cedar-456905-q9",
            "role": "roles/logging.logWriter"
          },
          "sensitive_attributes": [],
          "identity_schema_version": 0,
          "private": "bnVsbA==",
          "dependencies": [
            "google_project_service.cicd_services",
            "google_project_service.deploy_project_services",
            "google_service_account.app_sa"
          ]
        },
        {
          "index_key": "staging,roles/serviceusage.serviceUsageConsumer",
          "schema_version": 0,
          "attributes": {
            "condition": [],
            "etag": "BwZM4fqBj0A=",
            "id": "vital-cedar-456905-q9/roles/serviceusage.serviceUsageConsumer/serviceAccount:labsignal-app@vital-cedar-456905-q9.iam.gserviceaccount.com",
            "member": "serviceAccount:labsignal-app@vital-cedar-456905-q9.iam.gserviceaccount.com",
            "project": "vital-cedar-456905-q9",
            "role": "roles/serviceusage.serviceUsageConsumer"
          },
          "sensitive_attributes": [],
          "identity_schema_version": 0,
          "private": "bnVsbA==",
          "dependencies": [
            "google_project_service.cicd_services",
            "google_project_service.deploy_project_services",
            "google_service_account.app_sa"
          ]
        },
        {
          "index_key": "staging,roles/storage.admin",
          "schema_version": 0,
          "attributes": {
            "condition": [],
            "etag": "BwZM4fqBj0A=",
            "id": "vital-cedar-456905-q9/roles/storage.admin/serviceAccount:labsignal-app@vital-cedar-456905-q9.iam.gserviceaccount.com",
            "member": "serviceAccount:labsignal-app@vital-cedar-456905-q9.iam.gserviceaccount.com",
            "project": "vital-cedar-456905-q9",
            "role": "roles/storage.admin"
          },
          "sensitive_attributes": [],
          "identity_schema_version": 0,
          "private": "bnVsbA==",
          "dependencies": [
            "google_project_service.cicd_services",
            "google_project_service.deploy_project_services",
            "google_service_account.app_sa"
          ]
        }
      ]
    },
    {
      "mode": "managed",
      "type": "google_project_iam_member",
      "name": "cicd_project_roles",
      "provider": "provider[\"registry.terraform.io/hashicorp/google\"]",
      "instances": [
        {
          "index_key": "roles/aiplatform.user",
          "schema_version": 0,
          "attributes": {
            "condition": [],
            "etag": "BwZM4fqBj0A=",
            "id": "vital-cedar-456905-q9/roles/aiplatform.user/serviceAccount:labsignal-cb@vital-cedar-456905-q9.iam.gserviceaccount.com",
            "member": "serviceAccount:labsignal-cb@vital-cedar-456905-q9.iam.gserviceaccount.com",
            "project": "vital-cedar-456905-q9",
            "role": "roles/aiplatform.user"
          },
          "sensitive_attributes": [],
          "identity_schema_version": 0,
          "private": "bnVsbA==",
          "dependencies": [
            "google_project_service.cicd_services",
            "google_project_service.deploy_project_services",
            "google_service_account.cicd_runner_sa"
          ]
        },
        {
          "index_key": "roles/artifactregistry.writer",
          "schema_version": 0,
          "attributes": {
            "condition": [],
            "etag": "BwZM4fqBj0A=",
            "id": "vital-cedar-456905-q9/roles/artifactregistry.writer/serviceAccount:labsignal-cb@vital-cedar-456905-q9.iam.gserviceaccount.com",
            "member": "serviceAccount:labsignal-cb@vital-cedar-456905-q9.iam.gserviceaccount.com",
            "project": "vital-cedar-456905-q9",
            "role": "roles/artifactregistry.writer"
          },
          "sensitive_attributes": [],
          "identity_schema_version": 0,
          "private": "bnVsbA==",
          "dependencies": [
            "google_project_service.cicd_services",
            "google_project_service.deploy_project_services",
            "google_service_account.cicd_runner_sa"
          ]
        },
        {
          "index_key": "roles/cloudbuild.builds.builder",
          "schema_version": 0,
          "attributes": {
            "condition": [],
            "etag": "BwZM4fqBj0A=",
            "id": "vital-cedar-456905-q9/roles/cloudbuild.builds.builder/serviceAccount:labsignal-cb@vital-cedar-456905-q9.iam.gserviceaccount.com",
            "member": "serviceAccount:labsignal-cb@vital-cedar-456905-q9.iam.gserviceaccount.com",
            "project": "vital-cedar-456905-q9",
            "role": "roles/cloudbuild.builds.builder"
          },
          "sensitive_attributes": [],
          "identity_schema_version": 0,
          "private": "bnVsbA==",
          "dependencies": [
            "google_project_service.cicd_services",
            "google_project_service.deploy_project_services",
            "google_service_account.cicd_runner_sa"
          ]
        },
        {
          "index_key": "roles/cloudtrace.agent",
          "schema_version": 0,
          "attributes": {
            "condition": [],
            "etag": "BwZM4fqBj0A=",
            "id": "vital-cedar-456905-q9/roles/cloudtrace.agent/serviceAccount:labsignal-cb@vital-cedar-456905-q9.iam.gserviceaccount.com",
            "member": "serviceAccount:labsignal-cb@vital-cedar-456905-q9.iam.gserviceaccount.com",
            "project": "vital-cedar-456905-q9",
            "role": "roles/cloudtrace.agent"
          },
          "sensitive_attributes": [],
          "identity_schema_version": 0,
          "private": "bnVsbA==",
          "dependencies": [
            "google_project_service.cicd_services",
            "google_project_service.deploy_project_services",
            "google_service_account.cicd_runner_sa"
          ]
        },
        {
          "index_key": "roles/logging.logWriter",
          "schema_version": 0,
          "attributes": {
            "condition": [],
            "etag": "BwZM4fqBj0A=",
            "id": "vital-cedar-456905-q9/roles/logging.logWriter/serviceAccount:labsignal-cb@vital-cedar-456905-q9.iam.gserviceaccount.com",
            "member": "serviceAccount:labsignal-cb@vital-cedar-456905-q9.iam.gserviceaccount.com",
            "project": "vital-cedar-456905-q9",
            "role": "roles/logging.logWriter"
          },
          "sensitive_attributes": [],
          "identity_schema_version": 0,
          "private": "bnVsbA==",
          "dependencies": [
            "google_project_service.cicd_services",
            "google_project_service.deploy_project_services",
            "google_service_account.cicd_runner_sa"
          ]
        },
        {
          "index_key": "roles/storage.admin",
          "schema_version": 0,
          "attributes": {
            "condition": [],
            "etag": "BwZM4fqBj0A=",
            "id": "vital-cedar-456905-q9/roles/storage.admin/serviceAccount:labsignal-cb@vital-cedar-456905-q9.iam.gserviceaccount.com",
            "member": "serviceAccount:labsignal-cb@vital-cedar-456905-q9.iam.gserviceaccount.com",
            "project": "vital-cedar-456905-q9",
            "role": "roles/storage.admin"
          },
          "sensitive_attributes": [],
          "identity_schema_version": 0,
          "private": "bnVsbA==",
          "dependencies": [
            "google_project_service.cicd_services",
            "google_project_service.deploy_project_services",
            "google_service_account.cicd_runner_sa"
          ]
        }
      ]
    },
    {
      "mode": "managed",
      "type": "google_project_iam_member",
      "name": "other_projects_roles",
      "provider": "provider[\"registry.terraform.io/hashicorp/google\"]",
      "instances": [
        {
          "index_key": "prod-roles/aiplatform.user",
          "schema_version": 0,
          "attributes": {
            "condition": [],
            "etag": "BwZM4fqBj0A=",
            "id": "vital-cedar-456905-q9/roles/aiplatform.user/serviceAccount:labsignal-cb@vital-cedar-456905-q9.iam.gserviceaccount.com",
            "member": "serviceAccount:labsignal-cb@vital-cedar-456905-q9.iam.gserviceaccount.com",
            "project": "vital-cedar-456905-q9",
            "role": "roles/aiplatform.user"
          },
          "sensitive_attributes": [],
          "identity_schema_version": 0,
          "private": "bnVsbA==",
          "dependencies": [
            "google_project_service.cicd_services",
            "google_project_service.deploy_project_services",
            "google_service_account.cicd_runner_sa"
          ]
        },
        {
          "index_key": "prod-roles/iam.serviceAccountUser",
          "schema_version": 0,
          "attributes": {
            "condition": [],
            "etag": "BwZM4fqBj0A=",
            "id": "vital-cedar-456905-q9/roles/iam.serviceAccountUser/serviceAccount:labsignal-cb@vital-cedar-456905-q9.iam.gserviceaccount.com",
            "member": "serviceAccount:labsignal-cb@vital-cedar-456905-q9.iam.gserviceaccount.com",
            "project": "vital-cedar-456905-q9",
            "role": "roles/iam.serviceAccountUser"
          },
          "sensitive_attributes": [],
          "identity_schema_version": 0,
          "private": "bnVsbA==",
          "dependencies": [
            "google_project_service.cicd_services",
            "google_project_service.deploy_project_services",
            "google_service_account.cicd_runner_sa"
          ]
        },
        {
          "index_key": "prod-roles/storage.admin",
          "schema_version": 0,
          "attributes": {
            "condition": [],
            "etag": "BwZM4fqBj0A=",
            "id": "vital-cedar-456905-q9/roles/storage.admin/serviceAccount:labsignal-cb@vital-cedar-456905-q9.iam.gserviceaccount.com",
            "member": "serviceAccount:labsignal-cb@vital-cedar-456905-q9.iam.gserviceaccount.com",
            "project": "vital-cedar-456905-q9",
            "role": "roles/storage.admin"
          },
          "sensitive_attributes": [],
          "identity_schema_version": 0,
          "private": "bnVsbA==",
          "dependencies": [
            "google_project_service.cicd_services",
            "google_project_service.deploy_project_services",
            "google_service_account.cicd_runner_sa"
          ]
        },
        {
          "index_key": "staging-roles/aiplatform.user",
          "schema_version": 0,
          "attributes": {
            "condition": [],
            "etag": "BwZM4fqBj0A=",
            "id": "vital-cedar-456905-q9/roles/aiplatform.user/serviceAccount:labsignal-cb@vital-cedar-456905-q9.iam.gserviceaccount.com",
            "member": "serviceAccount:labsignal-cb@vital-cedar-456905-q9.iam.gserviceaccount.com",
            "project": "vital-cedar-456905-q9",
            "role": "roles/aiplatform.user"
          },
          "sensitive_attributes": [],
          "identity_schema_version": 0,
          "private": "bnVsbA==",
          "dependencies": [
            "google_project_service.cicd_services",
            "google_project_service.deploy_project_services",
            "google_service_account.cicd_runner_sa"
          ]
        },
        {
          "index_key": "staging-roles/iam.serviceAccountUser",
          "schema_version": 0,
          "attributes": {
            "condition": [],
            "etag": "BwZM4fqBj0A=",
            "id": "vital-cedar-456905-q9/roles/iam.serviceAccountUser/serviceAccount:labsignal-cb@vital-cedar-456905-q9.iam.gserviceaccount.com",
            "member": "serviceAccount:labsignal-cb@vital-cedar-456905-q9.iam.gserviceaccount.com",
            "project": "vital-cedar-456905-q9",
            "role": "roles/iam.serviceAccountUser"
          },
          "sensitive_attributes": [],
          "identity_schema_version": 0,
          "private": "bnVsbA==",
          "dependencies": [
            "google_project_service.cicd_services",
            "google_project_service.deploy_project_services",
            "google_service_account.cicd_runner_sa"
          ]
        },
        {
          "index_key": "staging-roles/storage.admin",
          "schema_version": 0,
          "attributes": {
            "condition": [],
            "etag": "BwZM4fqBj0A=",
            "id": "vital-cedar-456905-q9/roles/storage.admin/serviceAccount:labsignal-cb@vital-cedar-456905-q9.iam.gserviceaccount.com",
            "member": "serviceAccount:labsignal-cb@vital-cedar-456905-q9.iam.gserviceaccount.com",
            "project": "vital-cedar-456905-q9",
            "role": "roles/storage.admin"
          },
          "sensitive_attributes": [],
          "identity_schema_version": 0,
          "private": "bnVsbA==",
          "dependencies": [
            "google_project_service.cicd_services",
            "google_project_service.deploy_project_services",
            "google_service_account.cicd_runner_sa"
          ]
        }
      ]
    },
    {
      "mode": "managed",
      "type": "google_project_service",
      "name": "cicd_cloud_resource_manager_api",
      "provider": "provider[\"registry.terraform.io/hashicorp/google\"]",
      "instances": [
        {
          "schema_version": 0,
          "attributes": {
            "disable_dependent_services": null,
            "disable_on_destroy": false,
            "id": "vital-cedar-456905-q9/cloudresourcemanager.googleapis.com",
            "project": "vital-cedar-456905-q9",
            "service": "cloudresourcemanager.googleapis.com",
            "timeouts": null
          },
          "sensitive_attributes": [],
          "identity_schema_version": 0,
          "private": "eyJlMmJmYjczMC1lY2FhLTExZTYtOGY4OC0zNDM2M2JjN2M0YzAiOnsiY3JlYXRlIjoxMjAwMDAwMDAwMDAwLCJkZWxldGUiOjEyMDAwMDAwMDAwMDAsInJlYWQiOjYwMDAwMDAwMDAwMCwidXBkYXRlIjoxMjAwMDAwMDAwMDAwfX0="
        }
      ]
    },
    {
      "mode": "managed",
      "type": "google_project_service",
      "name": "cicd_services",
      "provider": "provider[\"registry.terraform.io/hashicorp/google\"]",
      "instances": [
        {
          "index_key": 0,
          "schema_version": 0,
          "attributes": {
            "disable_dependent_services": null,
            "disable_on_destroy": false,
            "id": "vital-cedar-456905-q9/cloudbuild.googleapis.com",
            "project": "vital-cedar-456905-q9",
            "service": "cloudbuild.googleapis.com",
            "timeouts": null
          },
          "sensitive_attributes": [],
          "identity_schema_version": 0,
          "private": "eyJlMmJmYjczMC1lY2FhLTExZTYtOGY4OC0zNDM2M2JjN2M0YzAiOnsiY3JlYXRlIjoxMjAwMDAwMDAwMDAwLCJkZWxldGUiOjEyMDAwMDAwMDAwMDAsInJlYWQiOjYwMDAwMDAwMDAwMCwidXBkYXRlIjoxMjAwMDAwMDAwMDAwfX0="
        },
        {
          "index_key": 1,
          "schema_version": 0,
          "attributes": {
            "disable_dependent_services": null,
            "disable_on_destroy": false,
            "id": "vital-cedar-456905-q9/aiplatform.googleapis.com",
            "project": "vital-cedar-456905-q9",
            "service": "aiplatform.googleapis.com",
            "timeouts": null
          },
          "sensitive_attributes": [],
          "identity_schema_version": 0,
          "private": "eyJlMmJmYjczMC1lY2FhLTExZTYtOGY4OC0zNDM2M2JjN2M0YzAiOnsiY3JlYXRlIjoxMjAwMDAwMDAwMDAwLCJkZWxldGUiOjEyMDAwMDAwMDAwMDAsInJlYWQiOjYwMDAwMDAwMDAwMCwidXBkYXRlIjoxMjAwMDAwMDAwMDAwfX0="
        },
        {
          "index_key": 2,
          "schema_version": 0,
          "attributes": {
            "disable_dependent_services": null,
            "disable_on_destroy": false,
            "id": "vital-cedar-456905-q9/serviceusage.googleapis.com",
            "project": "vital-cedar-456905-q9",
            "service": "serviceusage.googleapis.com",
            "timeouts": null
          },
          "sensitive_attributes": [],
          "identity_schema_version": 0,
          "private": "eyJlMmJmYjczMC1lY2FhLTExZTYtOGY4OC0zNDM2M2JjN2M0YzAiOnsiY3JlYXRlIjoxMjAwMDAwMDAwMDAwLCJkZWxldGUiOjEyMDAwMDAwMDAwMDAsInJlYWQiOjYwMDAwMDAwMDAwMCwidXBkYXRlIjoxMjAwMDAwMDAwMDAwfX0="
        },
        {
          "index_key": 3,
          "schema_version": 0,
          "attributes": {
            "disable_dependent_services": null,
            "disable_on_destroy": false,
            "id": "vital-cedar-456905-q9/bigquery.googleapis.com",
            "project": "vital-cedar-456905-q9",
            "service": "bigquery.googleapis.com",
            "timeouts": null
          },
          "sensitive_attributes": [],
          "identity_schema_version": 0,
          "private": "eyJlMmJmYjczMC1lY2FhLTExZTYtOGY4OC0zNDM2M2JjN2M0YzAiOnsiY3JlYXRlIjoxMjAwMDAwMDAwMDAwLCJkZWxldGUiOjEyMDAwMDAwMDAwMDAsInJlYWQiOjYwMDAwMDAwMDAwMCwidXBkYXRlIjoxMjAwMDAwMDAwMDAwfX0="
        },
        {
          "index_key": 4,
          "schema_version": 0,
          "attributes": {
            "disable_dependent_services": null,
            "disable_on_destroy": false,
            "id": "vital-cedar-456905-q9/cloudresourcemanager.googleapis.com",
            "project": "vital-cedar-456905-q9",
            "service": "cloudresourcemanager.googleapis.com",
            "timeouts": null
          },
          "sensitive_attributes": [],
          "identity_schema_version": 0,
          "private": "eyJlMmJmYjczMC1lY2FhLTExZTYtOGY4OC0zNDM2M2JjN2M0YzAiOnsiY3JlYXRlIjoxMjAwMDAwMDAwMDAwLCJkZWxldGUiOjEyMDAwMDAwMDAwMDAsInJlYWQiOjYwMDAwMDAwMDAwMCwidXBkYXRlIjoxMjAwMDAwMDAwMDAwfX0="
        },
        {
          "index_key": 5,
          "schema_version": 0,
          "attributes": {
            "disable_dependent_services": null,
            "disable_on_destroy": false,
            "id": "vital-cedar-456905-q9/cloudtrace.googleapis.com",
            "project": "vital-cedar-456905-q9",
            "service": "cloudtrace.googleapis.com",
            "timeouts": null
          },
          "sensitive_attributes": [],
          "identity_schema_version": 0,
          "private": "eyJlMmJmYjczMC1lY2FhLTExZTYtOGY4OC0zNDM2M2JjN2M0YzAiOnsiY3JlYXRlIjoxMjAwMDAwMDAwMDAwLCJkZWxldGUiOjEyMDAwMDAwMDAwMDAsInJlYWQiOjYwMDAwMDAwMDAwMCwidXBkYXRlIjoxMjAwMDAwMDAwMDAwfX0="
        },
        {
          "index_key": 6,
          "schema_version": 0,
          "attributes": {
            "disable_dependent_services": null,
            "disable_on_destroy": false,
            "id": "vital-cedar-456905-q9/telemetry.googleapis.com",
            "project": "vital-cedar-456905-q9",
            "service": "telemetry.googleapis.com",
            "timeouts": null
          },
          "sensitive_attributes": [],
          "identity_schema_version": 0,
          "private": "eyJlMmJmYjczMC1lY2FhLTExZTYtOGY4OC0zNDM2M2JjN2M0YzAiOnsiY3JlYXRlIjoxMjAwMDAwMDAwMDAwLCJkZWxldGUiOjEyMDAwMDAwMDAwMDAsInJlYWQiOjYwMDAwMDAwMDAwMCwidXBkYXRlIjoxMjAwMDAwMDAwMDAwfX0="
        }
      ]
    },
    {
      "mode": "managed",
      "type": "google_project_service",
      "name": "deploy_project_services",
      "provider": "provider[\"registry.terraform.io/hashicorp/google\"]",
      "instances": [
        {
          "index_key": "prod_aiplatform_googleapis_com",
          "schema_version": 0,
          "attributes": {
            "disable_dependent_services": null,
            "disable_on_destroy": false,
            "id": "vital-cedar-456905-q9/aiplatform.googleapis.com",
            "project": "vital-cedar-456905-q9",
            "service": "aiplatform.googleapis.com",
            "timeouts": null
          },
          "sensitive_attributes": [],
          "identity_schema_version": 0,
          "private": "eyJlMmJmYjczMC1lY2FhLTExZTYtOGY4OC0zNDM2M2JjN2M0YzAiOnsiY3JlYXRlIjoxMjAwMDAwMDAwMDAwLCJkZWxldGUiOjEyMDAwMDAwMDAwMDAsInJlYWQiOjYwMDAwMDAwMDAwMCwidXBkYXRlIjoxMjAwMDAwMDAwMDAwfX0="
        },
        {
          "index_key": "prod_bigquery_googleapis_com",
          "schema_version": 0,
          "attributes": {
            "disable_dependent_services": null,
            "disable_on_destroy": false,
            "id": "vital-cedar-456905-q9/bigquery.googleapis.com",
            "project": "vital-cedar-456905-q9",
            "service": "bigquery.googleapis.com",
            "timeouts": null
          },
          "sensitive_attributes": [],
          "identity_schema_version": 0,
          "private": "eyJlMmJmYjczMC1lY2FhLTExZTYtOGY4OC0zNDM2M2JjN2M0YzAiOnsiY3JlYXRlIjoxMjAwMDAwMDAwMDAwLCJkZWxldGUiOjEyMDAwMDAwMDAwMDAsInJlYWQiOjYwMDAwMDAwMDAwMCwidXBkYXRlIjoxMjAwMDAwMDAwMDAwfX0="
        },
        {
          "index_key": "prod_cloudresourcemanager_googleapis_com",
          "schema_version": 0,
          "attributes": {
            "disable_dependent_services": null,
            "disable_on_destroy": false,
            "id": "vital-cedar-456905-q9/cloudresourcemanager.googleapis.com",
            "project": "vital-cedar-456905-q9",
            "service": "cloudresourcemanager.googleapis.com",
            "timeouts": null
          },
          "sensitive_attributes": [],
          "identity_schema_version": 0,
          "private": "eyJlMmJmYjczMC1lY2FhLTExZTYtOGY4OC0zNDM2M2JjN2M0YzAiOnsiY3JlYXRlIjoxMjAwMDAwMDAwMDAwLCJkZWxldGUiOjEyMDAwMDAwMDAwMDAsInJlYWQiOjYwMDAwMDAwMDAwMCwidXBkYXRlIjoxMjAwMDAwMDAwMDAwfX0="
        },
        {
          "index_key": "prod_cloudtrace_googleapis_com",
          "schema_version": 0,
          "attributes": {
            "disable_dependent_services": null,
            "disable_on_destroy": false,
            "id": "vital-cedar-456905-q9/cloudtrace.googleapis.com",
            "project": "vital-cedar-456905-q9",
            "service": "cloudtrace.googleapis.com",
            "timeouts": null
          },
          "sensitive_attributes": [],
          "identity_schema_version": 0,
          "private": "eyJlMmJmYjczMC1lY2FhLTExZTYtOGY4OC0zNDM2M2JjN2M0YzAiOnsiY3JlYXRlIjoxMjAwMDAwMDAwMDAwLCJkZWxldGUiOjEyMDAwMDAwMDAwMDAsInJlYWQiOjYwMDAwMDAwMDAwMCwidXBkYXRlIjoxMjAwMDAwMDAwMDAwfX0="
        },
        {
          "index_key": "prod_iam_googleapis_com",
          "schema_version": 0,
          "attributes": {
            "disable_dependent_services": null,
            "disable_on_destroy": false,
            "id": "vital-cedar-456905-q9/iam.googleapis.com",
            "project": "vital-cedar-456905-q9",
            "service": "iam.googleapis.com",
            "timeouts": null
          },
          "sensitive_attributes": [],
          "identity_schema_version": 0,
          "private": "eyJlMmJmYjczMC1lY2FhLTExZTYtOGY4OC0zNDM2M2JjN2M0YzAiOnsiY3JlYXRlIjoxMjAwMDAwMDAwMDAwLCJkZWxldGUiOjEyMDAwMDAwMDAwMDAsInJlYWQiOjYwMDAwMDAwMDAwMCwidXBkYXRlIjoxMjAwMDAwMDAwMDAwfX0="
        },
        {
          "index_key": "prod_logging_googleapis_com",
          "schema_version": 0,
          "attributes": {
            "disable_dependent_services": null,
            "disable_on_destroy": false,
            "id": "vital-cedar-456905-q9/logging.googleapis.com",
            "project": "vital-cedar-456905-q9",
            "service": "logging.googleapis.com",
            "timeouts": null
          },
          "sensitive_attributes": [],
          "identity_schema_version": 0,
          "private": "eyJlMmJmYjczMC1lY2FhLTExZTYtOGY4OC0zNDM2M2JjN2M0YzAiOnsiY3JlYXRlIjoxMjAwMDAwMDAwMDAwLCJkZWxldGUiOjEyMDAwMDAwMDAwMDAsInJlYWQiOjYwMDAwMDAwMDAwMCwidXBkYXRlIjoxMjAwMDAwMDAwMDAwfX0="
        },
        {
          "index_key": "prod_run_googleapis_com",
          "schema_version": 0,
          "attributes": {
            "disable_dependent_services": null,
            "disable_on_destroy": false,
            "id": "vital-cedar-456905-q9/run.googleapis.com",
            "project": "vital-cedar-456905-q9",
            "service": "run.googleapis.com",
            "timeouts": null
          },
          "sensitive_attributes": [],
          "identity_schema_version": 0,
          "private": "eyJlMmJmYjczMC1lY2FhLTExZTYtOGY4OC0zNDM2M2JjN2M0YzAiOnsiY3JlYXRlIjoxMjAwMDAwMDAwMDAwLCJkZWxldGUiOjEyMDAwMDAwMDAwMDAsInJlYWQiOjYwMDAwMDAwMDAwMCwidXBkYXRlIjoxMjAwMDAwMDAwMDAwfX0="
        },
        {
          "index_key": "prod_serviceusage_googleapis_com",
          "schema_version": 0,
          "attributes": {
            "disable_dependent_services": null,
            "disable_on_destroy": false,
            "id": "vital-cedar-456905-q9/serviceusage.googleapis.com",
            "project": "vital-cedar-456905-q9",
            "service": "serviceusage.googleapis.com",
            "timeouts": null
          },
          "sensitive_attributes": [],
          "identity_schema_version": 0,
          "private": "eyJlMmJmYjczMC1lY2FhLTExZTYtOGY4OC0zNDM2M2JjN2M0YzAiOnsiY3JlYXRlIjoxMjAwMDAwMDAwMDAwLCJkZWxldGUiOjEyMDAwMDAwMDAwMDAsInJlYWQiOjYwMDAwMDAwMDAwMCwidXBkYXRlIjoxMjAwMDAwMDAwMDAwfX0="
        },
        {
          "index_key": "prod_telemetry_googleapis_com",
          "schema_version": 0,
          "attributes": {
            "disable_dependent_services": null,
            "disable_on_destroy": false,
            "id": "vital-cedar-456905-q9/telemetry.googleapis.com",
            "project": "vital-cedar-456905-q9",
            "service": "telemetry.googleapis.com",
            "timeouts": null
          },
          "sensitive_attributes": [],
          "identity_schema_version": 0,
          "private": "eyJlMmJmYjczMC1lY2FhLTExZTYtOGY4OC0zNDM2M2JjN2M0YzAiOnsiY3JlYXRlIjoxMjAwMDAwMDAwMDAwLCJkZWxldGUiOjEyMDAwMDAwMDAwMDAsInJlYWQiOjYwMDAwMDAwMDAwMCwidXBkYXRlIjoxMjAwMDAwMDAwMDAwfX0="
        },
        {
          "index_key": "staging_aiplatform_googleapis_com",
          "schema_version": 0,
          "attributes": {
            "disable_dependent_services": null,
            "disable_on_destroy": false,
            "id": "vital-cedar-456905-q9/aiplatform.googleapis.com",
            "project": "vital-cedar-456905-q9",
            "service": "aiplatform.googleapis.com",
            "timeouts": null
          },
          "sensitive_attributes": [],
          "identity_schema_version": 0,
          "private": "eyJlMmJmYjczMC1lY2FhLTExZTYtOGY4OC0zNDM2M2JjN2M0YzAiOnsiY3JlYXRlIjoxMjAwMDAwMDAwMDAwLCJkZWxldGUiOjEyMDAwMDAwMDAwMDAsInJlYWQiOjYwMDAwMDAwMDAwMCwidXBkYXRlIjoxMjAwMDAwMDAwMDAwfX0="
        },
        {
          "index_key": "staging_bigquery_googleapis_com",
          "schema_version": 0,
          "attributes": {
            "disable_dependent_services": null,
            "disable_on_destroy": false,
            "id": "vital-cedar-456905-q9/bigquery.googleapis.com",
            "project": "vital-cedar-456905-q9",
            "service": "bigquery.googleapis.com",
            "timeouts": null
          },
          "sensitive_attributes": [],
          "identity_schema_version": 0,
          "private": "eyJlMmJmYjczMC1lY2FhLTExZTYtOGY4OC0zNDM2M2JjN2M0YzAiOnsiY3JlYXRlIjoxMjAwMDAwMDAwMDAwLCJkZWxldGUiOjEyMDAwMDAwMDAwMDAsInJlYWQiOjYwMDAwMDAwMDAwMCwidXBkYXRlIjoxMjAwMDAwMDAwMDAwfX0="
        },
        {
          "index_key": "staging_cloudresourcemanager_googleapis_com",
          "schema_version": 0,
          "attributes": {
            "disable_dependent_services": null,
            "disable_on_destroy": false,
            "id": "vital-cedar-456905-q9/cloudresourcemanager.googleapis.com",
            "project": "vital-cedar-456905-q9",
            "service": "cloudresourcemanager.googleapis.com",
            "timeouts": null
          },
          "sensitive_attributes": [],
          "identity_schema_version": 0,
          "private": "eyJlMmJmYjczMC1lY2FhLTExZTYtOGY4OC0zNDM2M2JjN2M0YzAiOnsiY3JlYXRlIjoxMjAwMDAwMDAwMDAwLCJkZWxldGUiOjEyMDAwMDAwMDAwMDAsInJlYWQiOjYwMDAwMDAwMDAwMCwidXBkYXRlIjoxMjAwMDAwMDAwMDAwfX0="
        },
        {
          "index_key": "staging_cloudtrace_googleapis_com",
          "schema_version": 0,
          "attributes": {
            "disable_dependent_services": null,
            "disable_on_destroy": false,
            "id": "vital-cedar-456905-q9/cloudtrace.googleapis.com",
            "project": "vital-cedar-456905-q9",
            "service": "cloudtrace.googleapis.com",
            "timeouts": null
          },
          "sensitive_attributes": [],
          "identity_schema_version": 0,
          "private": "eyJlMmJmYjczMC1lY2FhLTExZTYtOGY4OC0zNDM2M2JjN2M0YzAiOnsiY3JlYXRlIjoxMjAwMDAwMDAwMDAwLCJkZWxldGUiOjEyMDAwMDAwMDAwMDAsInJlYWQiOjYwMDAwMDAwMDAwMCwidXBkYXRlIjoxMjAwMDAwMDAwMDAwfX0="
        },
        {
          "index_key": "staging_iam_googleapis_com",
          "schema_version": 0,
          "attributes": {
            "disable_dependent_services": null,
            "disable_on_destroy": false,
            "id": "vital-cedar-456905-q9/iam.googleapis.com",
            "project": "vital-cedar-456905-q9",
            "service": "iam.googleapis.com",
            "timeouts": null
          },
          "sensitive_attributes": [],
          "identity_schema_version": 0,
          "private": "eyJlMmJmYjczMC1lY2FhLTExZTYtOGY4OC0zNDM2M2JjN2M0YzAiOnsiY3JlYXRlIjoxMjAwMDAwMDAwMDAwLCJkZWxldGUiOjEyMDAwMDAwMDAwMDAsInJlYWQiOjYwMDAwMDAwMDAwMCwidXBkYXRlIjoxMjAwMDAwMDAwMDAwfX0="
        },
        {
          "index_key": "staging_logging_googleapis_com",
          "schema_version": 0,
          "attributes": {
            "disable_dependent_services": null,
            "disable_on_destroy": false,
            "id": "vital-cedar-456905-q9/logging.googleapis.com",
            "project": "vital-cedar-456905-q9",
            "service": "logging.googleapis.com",
            "timeouts": null
          },
          "sensitive_attributes": [],
          "identity_schema_version": 0,
          "private": "eyJlMmJmYjczMC1lY2FhLTExZTYtOGY4OC0zNDM2M2JjN2M0YzAiOnsiY3JlYXRlIjoxMjAwMDAwMDAwMDAwLCJkZWxldGUiOjEyMDAwMDAwMDAwMDAsInJlYWQiOjYwMDAwMDAwMDAwMCwidXBkYXRlIjoxMjAwMDAwMDAwMDAwfX0="
        },
        {
          "index_key": "staging_run_googleapis_com",
          "schema_version": 0,
          "attributes": {
            "disable_dependent_services": null,
            "disable_on_destroy": false,
            "id": "vital-cedar-456905-q9/run.googleapis.com",
            "project": "vital-cedar-456905-q9",
            "service": "run.googleapis.com",
            "timeouts": null
          },
          "sensitive_attributes": [],
          "identity_schema_version": 0,
          "private": "eyJlMmJmYjczMC1lY2FhLTExZTYtOGY4OC0zNDM2M2JjN2M0YzAiOnsiY3JlYXRlIjoxMjAwMDAwMDAwMDAwLCJkZWxldGUiOjEyMDAwMDAwMDAwMDAsInJlYWQiOjYwMDAwMDAwMDAwMCwidXBkYXRlIjoxMjAwMDAwMDAwMDAwfX0="
        },
        {
          "index_key": "staging_serviceusage_googleapis_com",
          "schema_version": 0,
          "attributes": {
            "disable_dependent_services": null,
            "disable_on_destroy": false,
            "id": "vital-cedar-456905-q9/serviceusage.googleapis.com",
            "project": "vital-cedar-456905-q9",
            "service": "serviceusage.googleapis.com",
            "timeouts": null
          },
          "sensitive_attributes": [],
          "identity_schema_version": 0,
          "private": "eyJlMmJmYjczMC1lY2FhLTExZTYtOGY4OC0zNDM2M2JjN2M0YzAiOnsiY3JlYXRlIjoxMjAwMDAwMDAwMDAwLCJkZWxldGUiOjEyMDAwMDAwMDAwMDAsInJlYWQiOjYwMDAwMDAwMDAwMCwidXBkYXRlIjoxMjAwMDAwMDAwMDAwfX0="
        },
        {
          "index_key": "staging_telemetry_googleapis_com",
          "schema_version": 0,
          "attributes": {
            "disable_dependent_services": null,
            "disable_on_destroy": false,
            "id": "vital-cedar-456905-q9/telemetry.googleapis.com",
            "project": "vital-cedar-456905-q9",
            "service": "telemetry.googleapis.com",
            "timeouts": null
          },
          "sensitive_attributes": [],
          "identity_schema_version": 0,
          "private": "eyJlMmJmYjczMC1lY2FhLTExZTYtOGY4OC0zNDM2M2JjN2M0YzAiOnsiY3JlYXRlIjoxMjAwMDAwMDAwMDAwLCJkZWxldGUiOjEyMDAwMDAwMDAwMDAsInJlYWQiOjYwMDAwMDAwMDAwMCwidXBkYXRlIjoxMjAwMDAwMDAwMDAwfX0="
        }
      ]
    },
    {
      "mode": "managed",
      "type": "google_secret_manager_secret_iam_member",
      "name": "cloudbuild_secret_accessor",
      "provider": "provider[\"registry.terraform.io/hashicorp/google\"]",
      "instances": [
        {
          "schema_version": 0,
          "attributes": {
            "condition": [],
            "etag": "BwZM4bFjRCY=",
            "id": "projects/vital-cedar-456905-q9/secrets/github-pat-labsignal/roles/secretmanager.secretAccessor/serviceAccount:service-378750853415@gcp-sa-cloudbuild.iam.gserviceaccount.com",
            "member": "serviceAccount:service-378750853415@gcp-sa-cloudbuild.iam.gserviceaccount.com",
            "project": "vital-cedar-456905-q9",
            "role": "roles/secretmanager.secretAccessor",
            "secret_id": "projects/vital-cedar-456905-q9/secrets/github-pat-labsignal"
          },
          "sensitive_attributes": [],
          "identity_schema_version": 0,
          "private": "bnVsbA==",
          "dependencies": [
            "data.google_project.cicd_project",
            "data.google_secret_manager_secret.github_pat",
            "google_project_service.cicd_services"
          ]
        }
      ]
    },
    {
      "mode": "managed",
      "type": "google_service_account",
      "name": "app_sa",
      "provider": "provider[\"registry.terraform.io/hashicorp/google\"]",
      "instances": [
        {
          "index_key": "prod",
          "schema_version": 0,
          "attributes": {
            "account_id": "labsignal-app",
            "create_ignore_already_exists": null,
            "description": "",
            "disabled": false,
            "display_name": "labsignal Agent Service Account",
            "email": "labsignal-app@vital-cedar-456905-q9.iam.gserviceaccount.com",
            "id": "projects/vital-cedar-456905-q9/serviceAccounts/labsignal-app@vital-cedar-456905-q9.iam.gserviceaccount.com",
            "member": "serviceAccount:labsignal-app@vital-cedar-456905-q9.iam.gserviceaccount.com",
            "name": "projects/vital-cedar-456905-q9/serviceAccounts/labsignal-app@vital-cedar-456905-q9.iam.gserviceaccount.com",
            "project": "vital-cedar-456905-q9",
            "timeouts": null,
            "unique_id": "111640433878519550644"
          },
          "sensitive_attributes": [],
          "identity_schema_version": 0,
          "private": "eyJlMmJmYjczMC1lY2FhLTExZTYtOGY4OC0zNDM2M2JjN2M0YzAiOnsiY3JlYXRlIjozMDAwMDAwMDAwMDB9fQ==",
          "dependencies": [
            "google_project_service.cicd_services",
            "google_project_service.deploy_project_services"
          ]
        },
        {
          "index_key": "staging",
          "schema_version": 0,
          "attributes": {
            "account_id": "labsignal-app",
            "create_ignore_already_exists": null,
            "description": "",
            "disabled": false,
            "display_name": "labsignal Agent Service Account",
            "email": "labsignal-app@vital-cedar-456905-q9.iam.gserviceaccount.com",
            "id": "projects/vital-cedar-456905-q9/serviceAccounts/labsignal-app@vital-cedar-456905-q9.iam.gserviceaccount.com",
            "member": "serviceAccount:labsignal-app@vital-cedar-456905-q9.iam.gserviceaccount.com",
            "name": "projects/vital-cedar-456905-q9/serviceAccounts/labsignal-app@vital-cedar-456905-q9.iam.gserviceaccount.com",
            "project": "vital-cedar-456905-q9",
            "timeouts": null,
            "unique_id": "111640433878519550644"
          },
          "sensitive_attributes": [],
          "identity_schema_version": 0,
          "private": "eyJlMmJmYjczMC1lY2FhLTExZTYtOGY4OC0zNDM2M2JjN2M0YzAiOnsiY3JlYXRlIjozMDAwMDAwMDAwMDB9LCJzY2hlbWFfdmVyc2lvbiI6IjAifQ==",
          "dependencies": [
            "google_project_service.cicd_services",
            "google_project_service.deploy_project_services"
          ]
        }
      ]
    },
    {
      "mode": "managed",
      "type": "google_service_account",
      "name": "cicd_runner_sa",
      "provider": "provider[\"registry.terraform.io/hashicorp/google\"]",
      "instances": [
        {
          "schema_version": 0,
          "attributes": {
            "account_id": "labsignal-cb",
            "create_ignore_already_exists": null,
            "description": "",
            "disabled": false,
            "display_name": "CICD Runner SA",
            "email": "labsignal-cb@vital-cedar-456905-q9.iam.gserviceaccount.com",
            "id": "projects/vital-cedar-456905-q9/serviceAccounts/labsignal-cb@vital-cedar-456905-q9.iam.gserviceaccount.com",
            "member": "serviceAccount:labsignal-cb@vital-cedar-456905-q9.iam.gserviceaccount.com",
            "name": "projects/vital-cedar-456905-q9/serviceAccounts/labsignal-cb@vital-cedar-456905-q9.iam.gserviceaccount.com",
            "project": "vital-cedar-456905-q9",
            "timeouts": null,
            "unique_id": "112441354233340972288"
          },
          "sensitive_attributes": [],
          "identity_schema_version": 0,
          "private": "eyJlMmJmYjczMC1lY2FhLTExZTYtOGY4OC0zNDM2M2JjN2M0YzAiOnsiY3JlYXRlIjozMDAwMDAwMDAwMDB9fQ==",
          "dependencies": [
            "google_project_service.cicd_services",
            "google_project_service.deploy_project_services"
          ]
        }
      ]
    },
    {
      "mode": "managed",
      "type": "google_service_account_iam_member",
      "name": "cicd_run_invoker_account_user",
      "provider": "provider[\"registry.terraform.io/hashicorp/google\"]",
      "instances": [
        {
          "schema_version": 0,
          "attributes": {
            "condition": [],
            "etag": "BwZM4bJjqX0=",
            "id": "projects/vital-cedar-456905-q9/serviceAccounts/labsignal-cb@vital-cedar-456905-q9.iam.gserviceaccount.com/roles/iam.serviceAccountUser/serviceAccount:labsignal-cb@vital-cedar-456905-q9.iam.gserviceaccount.com",
            "member": "serviceAccount:labsignal-cb@vital-cedar-456905-q9.iam.gserviceaccount.com",
            "role": "roles/iam.serviceAccountUser",
            "service_account_id": "projects/vital-cedar-456905-q9/serviceAccounts/labsignal-cb@vital-cedar-456905-q9.iam.gserviceaccount.com"
          },
          "sensitive_attributes": [],
          "identity_schema_version": 0,
          "private": "bnVsbA==",
          "dependencies": [
            "google_project_service.cicd_services",
            "google_project_service.deploy_project_services",
            "google_service_account.cicd_runner_sa"
          ]
        }
      ]
    },
    {
      "mode": "managed",
      "type": "google_service_account_iam_member",
      "name": "cicd_run_invoker_token_creator",
      "provider": "provider[\"registry.terraform.io/hashicorp/google\"]",
      "instances": [
        {
          "schema_version": 0,
          "attributes": {
            "condition": [],
            "etag": "BwZM4bJjqX0=",
            "id": "projects/vital-cedar-456905-q9/serviceAccounts/labsignal-cb@vital-cedar-456905-q9.iam.gserviceaccount.com/roles/iam.serviceAccountTokenCreator/serviceAccount:labsignal-cb@vital-cedar-456905-q9.iam.gserviceaccount.com",
            "member": "serviceAccount:labsignal-cb@vital-cedar-456905-q9.iam.gserviceaccount.com",
            "role": "roles/iam.serviceAccountTokenCreator",
            "service_account_id": "projects/vital-cedar-456905-q9/serviceAccounts/labsignal-cb@vital-cedar-456905-q9.iam.gserviceaccount.com"
          },
          "sensitive_attributes": [],
          "identity_schema_version": 0,
          "private": "bnVsbA==",
          "dependencies": [
            "google_project_service.cicd_services",
            "google_project_service.deploy_project_services",
            "google_service_account.cicd_runner_sa"
          ]
        }
      ]
    },
    {
      "mode": "managed",
      "type": "google_storage_bucket",
      "name": "logs_data_bucket",
      "provider": "provider[\"registry.terraform.io/hashicorp/google\"]",
      "instances": [
        {
          "index_key": "vital-cedar-456905-q9",
          "schema_version": 4,
          "attributes": {
            "autoclass": [],
            "cors": [],
            "custom_placement_config": [],
            "default_event_based_hold": false,
            "effective_labels": {
              "goog-terraform-provisioned": "true"
            },
            "enable_object_retention": false,
            "encryption": [],
            "force_destroy": true,
            "hierarchical_namespace": [
              {
                "enabled": false
              }
            ],
            "id": "vital-cedar-456905-q9-labsignal-logs",
            "ip_filter": [],
            "labels": {},
            "lifecycle_rule": [],
            "location": "US-CENTRAL1",
            "logging": [],
            "name": "vital-cedar-456905-q9-labsignal-logs",
            "project": "vital-cedar-456905-q9",
            "project_number": 378750853415,
            "public_access_prevention": "inherited",
            "requester_pays": false,
            "retention_policy": [],
            "rpo": null,
            "self_link": "https://www.googleapis.com/storage/v1/b/vital-cedar-456905-q9-labsignal-logs",
            "soft_delete_policy": [
              {
                "effective_time": "2026-03-13T06:08:07.823Z",
                "retention_duration_seconds": 604800
              }
            ],
            "storage_class": "STANDARD",
            "terraform_labels": {
              "goog-terraform-provisioned": "true"
            },
            "time_created": "2026-03-13T06:08:07.823Z",
            "timeouts": null,
            "uniform_bucket_level_access": true,
            "updated": "2026-03-13T06:37:47.936Z",
            "url": "gs://vital-cedar-456905-q9-labsignal-logs",
            "versioning": [],
            "website": []
          },
          "sensitive_attributes": [],
          "identity_schema_version": 0,
          "private": "eyJlMmJmYjczMC1lY2FhLTExZTYtOGY4OC0zNDM2M2JjN2M0YzAiOnsiY3JlYXRlIjo2MDAwMDAwMDAwMDAsInJlYWQiOjI0MDAwMDAwMDAwMCwidXBkYXRlIjoyNDAwMDAwMDAwMDB9LCJzY2hlbWFfdmVyc2lvbiI6IjQifQ==",
          "dependencies": [
            "google_project_service.cicd_services",
            "google_project_service.deploy_project_services"
          ]
        }
      ]
    },
    {
      "mode": "managed",
      "type": "google_storage_bucket_iam_member",
      "name": "telemetry_connection_access",
      "provider": "provider[\"registry.terraform.io/hashicorp/google\"]",
      "instances": [
        {
          "index_key": "prod",
          "schema_version": 0,
          "attributes": {
            "bucket": "b/vital-cedar-456905-q9-labsignal-logs",
            "condition": [],
            "etag": "CAM=",
            "id": "b/vital-cedar-456905-q9-labsignal-logs/roles/storage.objectViewer/serviceAccount:bqcx-378750853415-q369@gcp-sa-bigquery-condel.iam.gserviceaccount.com",
            "member": "serviceAccount:bqcx-378750853415-q369@gcp-sa-bigquery-condel.iam.gserviceaccount.com",
            "role": "roles/storage.objectViewer",
            "timeouts": null
          },
          "sensitive_attributes": [],
          "identity_schema_version": 0,
          "private": "eyJlMmJmYjczMC1lY2FhLTExZTYtOGY4OC0zNDM2M2JjN2M0YzAiOnsiY3JlYXRlIjoxMjAwMDAwMDAwMDAwfX0=",
          "dependencies": [
            "google_bigquery_connection.genai_telemetry_connection",
            "google_project_service.cicd_services",
            "google_project_service.deploy_project_services",
            "google_storage_bucket.logs_data_bucket",
            "time_sleep.wait_for_bq_connection_sa"
          ]
        },
        {
          "index_key": "staging",
          "schema_version": 0,
          "attributes": {
            "bucket": "b/vital-cedar-456905-q9-labsignal-logs",
            "condition": [],
            "etag": "CAM=",
            "id": "b/vital-cedar-456905-q9-labsignal-logs/roles/storage.objectViewer/serviceAccount:bqcx-378750853415-q369@gcp-sa-bigquery-condel.iam.gserviceaccount.com",
            "member": "serviceAccount:bqcx-378750853415-q369@gcp-sa-bigquery-condel.iam.gserviceaccount.com",
            "role": "roles/storage.objectViewer",
            "timeouts": null
          },
          "sensitive_attributes": [],
          "identity_schema_version": 0,
          "private": "eyJlMmJmYjczMC1lY2FhLTExZTYtOGY4OC0zNDM2M2JjN2M0YzAiOnsiY3JlYXRlIjoxMjAwMDAwMDAwMDAwfX0=",
          "dependencies": [
            "google_bigquery_connection.genai_telemetry_connection",
            "google_project_service.cicd_services",
            "google_project_service.deploy_project_services",
            "google_storage_bucket.logs_data_bucket",
            "time_sleep.wait_for_bq_connection_sa"
          ]
        }
      ]
    },
    {
      "mode": "managed",
      "type": "google_vertex_ai_reasoning_engine",
      "name": "app",
      "provider": "provider[\"registry.terraform.io/hashicorp/google\"]",
      "instances": [
        {
          "index_key": "prod",
          "schema_version": 0,
          "attributes": {
            "create_time": "2026-03-13T06:28:24.230864Z",
            "description": "Agent deployed via Terraform",
            "display_name": "labsignal",
            "encryption_spec": [],
            "id": "projects/vital-cedar-456905-q9/locations/us-central1/reasoningEngines/3379440247434641408",
            "name": "3379440247434641408",
            "project": "vital-cedar-456905-q9",
            "region": "us-central1",
            "spec": [
              {
                "agent_framework": "google-adk",
                "class_methods": "",
                "deployment_spec": [
                  {
                    "container_concurrency": 9,
                    "env": [
                      {
                        "name": "GOOGLE_CLOUD_AGENT_ENGINE_ENABLE_TELEMETRY",
                        "value": "true"
                      },
                      {
                        "name": "LOGS_BUCKET_NAME",
                        "value": "vital-cedar-456905-q9-labsignal-logs"
                      },
                      {
                        "name": "OTEL_INSTRUMENTATION_GENAI_CAPTURE_MESSAGE_CONTENT",
                        "value": "true"
                      }
                    ],
                    "max_instances": 10,
                    "min_instances": 1,
                    "resource_limits": {
                      "cpu": "4",
                      "memory": "8Gi"
                    },
                    "secret_env": []
                  }
                ],
                "package_spec": [],
                "service_account": "labsignal-app@vital-cedar-456905-q9.iam.gserviceaccount.com",
                "source_code_spec": [
                  {
                    "inline_source": [
                      {
                        "source_archive": "H4sIACycsWkAA+1ZXW7bOBB2+6hDFIRf2gI1Q1KiGBdwATctkAB9yHaDAkW7MLgSYxPVXykqdW6xN9hj7XV2JDt147iNvbC0gMMPhm1JpDgazfcNhzyX81MlY2WOosoYldlYm96eQQgRnKOeaIDqY8DNLyGMCUQ55YFPOYf/hIYBC3tovm9DNqEqrTRgikq0LFUUzfTmdt9mSiW/uM/th0JtmNoGKEeVjkeUkiEXoecTlFqdqhEVwmeB8OkQk6EIWXgsfI8L9O7s9fj9yenZh7d4Lq01OMpTLIsiUbgw+ZXKZBap0fi3s3HGX0cfTqeKsqkXDNHv0Ondx191evS49/dfny/mT/6Zef+3Wx4M8FH7Y9zwP6ChgEC7w//64Db/IfKCHuLtm/bg+Y+Pzr9nAGBkK2PspP9+AO+f05A4/e8C9+k/CzANj1nIaDB0+n94wDXrW84BO+l/w3+fceb0vwss3v8qB0wmOtN2MsHF9d7GAH+EQbDL/F/4AXf63wW2mP9TeHuM0GPq9P/wsOB/G6xf4Yb/28//uc/9HiIt2HIHD5z/6/ovpyqzE5VNdaYmcGkfEbGT/tf5n4HkCKf/XWC7+T8U5EwETv8PDwv+t8H6Fe7Tf8HDtfk/NBNO/7tAv99/U6XpNRrXIYDeNiGAIATQZW5QPSvQMkEXyhgJJ1IUqyLJr1Noiz3vYqZLVCQyUrM8geyB4NCo5kSM/rxGJ2dHJ29QoQtwbqZKJC+tWt00MkpanWfYAyM879LkKZrm+RRUQcZfcBOTJdJpkRu7MG/R5koZq+ZS4x+jtsRWpTCyhX/Q+3u3+Mu4KDyvaYpGi9s88xAgzWOVjPpTlYJBA4b54DKR5az/ormaSRDBfly7ZtJ0Xp7XWWlNFdV2j/of8wpJA+665YSmOUbvVVnkWYy+aTt7iZ42voLPhrZLp4LPrrRc+Rqj80RBTC4vIztT4F1w3KJT3bZxMH4Ktj1fPuPSHfWjNo/+rDk7ar6fb5DVO/m/KCaV1Um5xxi7f/3vLv+5y/+dYC3/s+GG/C8I9xkRLv0fIJb5/4b1rawE7r7+x936X0dYf/+rTICN+lppo+pcD9l1bv/zGLvXf4zX+39O/9vHNvWfIAERAXH7/weIdf7vj/Ur3Lv+FwZr/CchDVz91wUWBdcgSvIqHkhdV1B17fGpKRgGy9rqBVRUf7waUUx9gokj5wHh5/l/f3sCO+X/ev2fUbf/1xG22/8DVR76zOX/w8M6/9vc/99+/0+4/T8HBweHlvEvHKww/QAyAAA="
                      }
                    ],
                    "python_spec": [
                      {
                        "entrypoint_module": "app.agent_engine_app",
                        "entrypoint_object": "agent_engine",
                        "requirements_file": "app/app_utils/.requirements.txt",
                        "version": "3.12"
                      }
                    ]
                  }
                ]
              }
            ],
            "timeouts": null,
            "update_time": "2026-03-13T06:33:55.610551Z"
          },
          "sensitive_attributes": [],
          "identity_schema_version": 0,
          "private": "eyJlMmJmYjczMC1lY2FhLTExZTYtOGY4OC0zNDM2M2JjN2M0YzAiOnsiY3JlYXRlIjoxMjAwMDAwMDAwMDAwLCJkZWxldGUiOjM2MDAwMDAwMDAwMDAsInVwZGF0ZSI6MTIwMDAwMDAwMDAwMH19",
          "dependencies": [
            "data.google_storage_bucket_object_content.dummy_source_b64",
            "google_project_service.cicd_services",
            "google_project_service.deploy_project_services",
            "google_service_account.app_sa",
            "google_storage_bucket.logs_data_bucket"
          ]
        },
        {
          "index_key": "staging",
          "schema_version": 0,
          "attributes": {
            "create_time": "2026-03-13T06:28:23.780098Z",
            "description": "Agent deployed via Terraform",
            "display_name": "labsignal",
            "encryption_spec": [],
            "id": "projects/vital-cedar-456905-q9/locations/us-central1/reasoningEngines/8966155585187741696",
            "name": "8966155585187741696",
            "project": "vital-cedar-456905-q9",
            "region": "us-central1",
            "spec": [
              {
                "agent_framework": "google-adk",
                "class_methods": "",
                "deployment_spec": [
                  {
                    "container_concurrency": 9,
                    "env": [
                      {
                        "name": "GOOGLE_CLOUD_AGENT_ENGINE_ENABLE_TELEMETRY",
                        "value": "true"
                      },
                      {
                        "name": "LOGS_BUCKET_NAME",
                        "value": "vital-cedar-456905-q9-labsignal-logs"
                      },
                      {
                        "name": "OTEL_INSTRUMENTATION_GENAI_CAPTURE_MESSAGE_CONTENT",
                        "value": "true"
                      }
                    ],
                    "max_instances": 10,
                    "min_instances": 1,
                    "resource_limits": {
                      "cpu": "4",
                      "memory": "8Gi"
                    },
                    "secret_env": []
                  }
                ],
                "package_spec": [],
                "service_account": "labsignal-app@vital-cedar-456905-q9.iam.gserviceaccount.com",
                "source_code_spec": [
                  {
                    "inline_source": [
                      {
                        "source_archive": "H4sIACycsWkAA+1ZXW7bOBB2+6hDFIRf2gI1Q1KiGBdwATctkAB9yHaDAkW7MLgSYxPVXykqdW6xN9hj7XV2JDt147iNvbC0gMMPhm1JpDgazfcNhzyX81MlY2WOosoYldlYm96eQQgRnKOeaIDqY8DNLyGMCUQ55YFPOYf/hIYBC3tovm9DNqEqrTRgikq0LFUUzfTmdt9mSiW/uM/th0JtmNoGKEeVjkeUkiEXoecTlFqdqhEVwmeB8OkQk6EIWXgsfI8L9O7s9fj9yenZh7d4Lq01OMpTLIsiUbgw+ZXKZBap0fi3s3HGX0cfTqeKsqkXDNHv0Ondx191evS49/dfny/mT/6Zef+3Wx4M8FH7Y9zwP6ChgEC7w//64Db/IfKCHuLtm/bg+Y+Pzr9nAGBkK2PspP9+AO+f05A4/e8C9+k/CzANj1nIaDB0+n94wDXrW84BO+l/w3+fceb0vwss3v8qB0wmOtN2MsHF9d7GAH+EQbDL/F/4AXf63wW2mP9TeHuM0GPq9P/wsOB/G6xf4Yb/28//uc/9HiIt2HIHD5z/6/ovpyqzE5VNdaYmcGkfEbGT/tf5n4HkCKf/XWC7+T8U5EwETv8PDwv+t8H6Fe7Tf8HDtfk/NBNO/7tAv99/U6XpNRrXIYDeNiGAIATQZW5QPSvQMkEXyhgJJ1IUqyLJr1Noiz3vYqZLVCQyUrM8geyB4NCo5kSM/rxGJ2dHJ29QoQtwbqZKJC+tWt00MkpanWfYAyM879LkKZrm+RRUQcZfcBOTJdJpkRu7MG/R5koZq+ZS4x+jtsRWpTCyhX/Q+3u3+Mu4KDyvaYpGi9s88xAgzWOVjPpTlYJBA4b54DKR5az/ormaSRDBfly7ZtJ0Xp7XWWlNFdV2j/of8wpJA+665YSmOUbvVVnkWYy+aTt7iZ42voLPhrZLp4LPrrRc+Rqj80RBTC4vIztT4F1w3KJT3bZxMH4Ktj1fPuPSHfWjNo/+rDk7ar6fb5DVO/m/KCaV1Um5xxi7f/3vLv+5y/+dYC3/s+GG/C8I9xkRLv0fIJb5/4b1rawE7r7+x936X0dYf/+rTICN+lppo+pcD9l1bv/zGLvXf4zX+39O/9vHNvWfIAERAXH7/weIdf7vj/Ur3Lv+FwZr/CchDVz91wUWBdcgSvIqHkhdV1B17fGpKRgGy9rqBVRUf7waUUx9gokj5wHh5/l/f3sCO+X/ev2fUbf/1xG22/8DVR76zOX/w8M6/9vc/99+/0+4/T8HBweHlvEvHKww/QAyAAA="
                      }
                    ],
                    "python_spec": [
                      {
                        "entrypoint_module": "app.agent_engine_app",
                        "entrypoint_object": "agent_engine",
                        "requirements_file": "app/app_utils/.requirements.txt",
                        "version": "3.12"
                      }
                    ]
                  }
                ]
              }
            ],
            "timeouts": null,
            "update_time": "2026-03-13T06:34:00.891248Z"
          },
          "sensitive_attributes": [],
          "identity_schema_version": 0,
          "private": "eyJlMmJmYjczMC1lY2FhLTExZTYtOGY4OC0zNDM2M2JjN2M0YzAiOnsiY3JlYXRlIjoxMjAwMDAwMDAwMDAwLCJkZWxldGUiOjM2MDAwMDAwMDAwMDAsInVwZGF0ZSI6MTIwMDAwMDAwMDAwMH19",
          "dependencies": [
            "data.google_storage_bucket_object_content.dummy_source_b64",
            "google_project_service.cicd_services",
            "google_project_service.deploy_project_services",
            "google_service_account.app_sa",
            "google_storage_bucket.logs_data_bucket"
          ]
        }
      ]
    },
    {
      "mode": "managed",
      "type": "time_sleep",
      "name": "wait_for_bq_connection_sa",
      "provider": "provider[\"registry.terraform.io/hashicorp/time\"]",
      "instances": [
        {
          "index_key": "prod",
          "schema_version": 0,
          "attributes": {
            "create_duration": "10s",
            "destroy_duration": null,
            "id": "2026-03-13T06:28:41Z",
            "triggers": null
          },
          "sensitive_attributes": [],
          "identity_schema_version": 0,
          "dependencies": [
            "google_bigquery_connection.genai_telemetry_connection",
            "google_project_service.cicd_services",
            "google_project_service.deploy_project_services"
          ]
        },
        {
          "index_key": "staging",
          "schema_version": 0,
          "attributes": {
            "create_duration": "10s",
            "destroy_duration": null,
            "id": "2026-03-13T06:28:41Z",
            "triggers": null
          },
          "sensitive_attributes": [],
          "identity_schema_version": 0,
          "dependencies": [
            "google_bigquery_connection.genai_telemetry_connection",
            "google_project_service.cicd_services",
            "google_project_service.deploy_project_services"
          ]
        }
      ]
    },
    {
      "mode": "managed",
      "type": "time_sleep",
      "name": "wait_for_linked_dataset",
      "provider": "provider[\"registry.terraform.io/hashicorp/time\"]",
      "instances": [
        {
          "index_key": "prod",
          "schema_version": 0,
          "attributes": {
            "create_duration": "10s",
            "destroy_duration": null,
            "id": "2026-03-13T06:28:33Z",
            "triggers": null
          },
          "sensitive_attributes": [],
          "identity_schema_version": 0,
          "dependencies": [
            "google_logging_linked_dataset.genai_logs_linked_dataset",
            "google_logging_project_bucket_config.genai_telemetry_bucket",
            "google_logging_project_sink.genai_logs_to_bucket",
            "google_project_service.cicd_services",
            "google_project_service.deploy_project_services",
            "time_sleep.wait_for_logging_api"
          ]
        },
        {
          "index_key": "staging",
          "schema_version": 0,
          "attributes": {
            "create_duration": "10s",
            "destroy_duration": null,
            "id": "2026-03-13T06:28:33Z",
            "triggers": null
          },
          "sensitive_attributes": [],
          "identity_schema_version": 0,
          "dependencies": [
            "google_logging_linked_dataset.genai_logs_linked_dataset",
            "google_logging_project_bucket_config.genai_telemetry_bucket",
            "google_logging_project_sink.genai_logs_to_bucket",
            "google_project_service.cicd_services",
            "google_project_service.deploy_project_services",
            "time_sleep.wait_for_logging_api"
          ]
        }
      ]
    },
    {
      "mode": "managed",
      "type": "time_sleep",
      "name": "wait_for_logging_api",
      "provider": "provider[\"registry.terraform.io/hashicorp/time\"]",
      "instances": [
        {
          "index_key": "prod",
          "schema_version": 0,
          "attributes": {
            "create_duration": "30s",
            "destroy_duration": null,
            "id": "2026-03-13T06:08:37Z",
            "triggers": null
          },
          "sensitive_attributes": [],
          "identity_schema_version": 0,
          "dependencies": [
            "google_project_service.cicd_services",
            "google_project_service.deploy_project_services"
          ]
        },
        {
          "index_key": "staging",
          "schema_version": 0,
          "attributes": {
            "create_duration": "30s",
            "destroy_duration": null,
            "id": "2026-03-13T06:08:37Z",
            "triggers": null
          },
          "sensitive_attributes": [],
          "identity_schema_version": 0,
          "dependencies": [
            "google_project_service.cicd_services",
            "google_project_service.deploy_project_services"
          ]
        }
      ]
    }
  ],
  "check_results": null
}
